{
  "version": 4,
  "terraform_version": "1.5.7",
  "serial": 81,
  "lineage": "e241475e-4d56-7805-3f15-945a9cf9470e",
  "outputs": {
    "bq_bronze_dataset": {
      "value": "bronze",
      "type": "string"
    },
    "bq_monitoring_dataset": {
      "value": "monitoring",
      "type": "string"
    },
    "bq_quarantine_dataset": {
      "value": "quarantine",
      "type": "string"
    },
    "gcs_dbt_bucket": {
      "value": "data-management-2-smard-raw-dbt",
      "type": "string"
    },
    "gcs_raw_bucket": {
      "value": "data-management-2-smard-raw",
      "type": "string"
    },
    "pipeline_sa_email": {
      "value": "smard-pipeline-sa@data-management-2-498012.iam.gserviceaccount.com",
      "type": "string"
    },
    "pubsub_energy_topic": {
      "value": "smard-energy-live",
      "type": "string"
    },
    "pubsub_weather_topic": {
      "value": "weather-live",
      "type": "string"
    },
    "snowflake_account": {
      "value": "qg17675.europe-west3.gcp",
      "type": "string"
    },
    "snowflake_dev_database": {
      "value": "SMARD_DEV",
      "type": "string"
    },
    "snowflake_prod_database": {
      "value": "SMARD_PROD",
      "type": "string"
    },
    "snowflake_warehouse": {
      "value": "COMPUTE_WH",
      "type": "string"
    }
  },
  "resources": [
    {
      "mode": "managed",
      "type": "google_bigquery_dataset",
      "name": "bronze",
      "provider": "provider[\"registry.terraform.io/hashicorp/google\"]",
      "instances": [
        {
          "schema_version": 0,
          "attributes": {
            "access": [
              {
                "dataset": [],
                "domain": "",
                "group_by_email": "",
                "iam_member": "",
                "role": "OWNER",
                "routine": [],
                "special_group": "",
                "user_by_email": "100004636@srh-heidelberg.org",
                "view": []
              },
              {
                "dataset": [],
                "domain": "",
                "group_by_email": "",
                "iam_member": "",
                "role": "OWNER",
                "routine": [],
                "special_group": "projectOwners",
                "user_by_email": "",
                "view": []
              },
              {
                "dataset": [],
                "domain": "",
                "group_by_email": "",
                "iam_member": "",
                "role": "READER",
                "routine": [],
                "special_group": "projectReaders",
                "user_by_email": "",
                "view": []
              },
              {
                "dataset": [],
                "domain": "",
                "group_by_email": "",
                "iam_member": "",
                "role": "WRITER",
                "routine": [],
                "special_group": "projectWriters",
                "user_by_email": "",
                "view": []
              }
            ],
            "creation_time": 1781301747798,
            "dataset_id": "bronze",
            "default_collation": "",
            "default_encryption_configuration": [],
            "default_partition_expiration_ms": 0,
            "default_table_expiration_ms": 0,
            "delete_contents_on_destroy": false,
            "description": "",
            "effective_labels": {
              "managed_by": "terraform",
              "project": "smard-energy-pipeline",
              "team": "data-engineering"
            },
            "etag": "HFpIy6ZpYrHDCo9aIS+Wog==",
            "external_dataset_reference": [],
            "friendly_name": "Bronze — Raw Landing Zone",
            "id": "projects/data-management-2-498012/datasets/bronze",
            "is_case_insensitive": false,
            "labels": {
              "managed_by": "terraform",
              "project": "smard-energy-pipeline",
              "team": "data-engineering"
            },
            "last_modified_time": 1781301747798,
            "location": "EU",
            "max_time_travel_hours": "168",
            "project": "data-management-2-498012",
            "resource_tags": null,
            "self_link": "https://bigquery.googleapis.com/bigquery/v2/projects/data-management-2-498012/datasets/bronze",
            "storage_billing_model": "",
            "terraform_labels": {
              "managed_by": "terraform",
              "project": "smard-energy-pipeline",
              "team": "data-engineering"
            },
            "timeouts": null
          },
          "sensitive_attributes": [],
          "private": "eyJlMmJmYjczMC1lY2FhLTExZTYtOGY4OC0zNDM2M2JjN2M0YzAiOnsiY3JlYXRlIjoxMjAwMDAwMDAwMDAwLCJkZWxldGUiOjEyMDAwMDAwMDAwMDAsInVwZGF0ZSI6MTIwMDAwMDAwMDAwMH19",
          "dependencies": [
            "google_project_service.apis"
          ]
        }
      ]
    },
    {
      "mode": "managed",
      "type": "google_bigquery_dataset",
      "name": "monitoring",
      "provider": "provider[\"registry.terraform.io/hashicorp/google\"]",
      "instances": [
        {
          "schema_version": 0,
          "attributes": {
            "access": [
              {
                "dataset": [],
                "domain": "",
                "group_by_email": "",
                "iam_member": "",
                "role": "OWNER",
                "routine": [],
                "special_group": "",
                "user_by_email": "100004636@srh-heidelberg.org",
                "view": []
              },
              {
                "dataset": [],
                "domain": "",
                "group_by_email": "",
                "iam_member": "",
                "role": "OWNER",
                "routine": [],
                "special_group": "projectOwners",
                "user_by_email": "",
                "view": []
              },
              {
                "dataset": [],
                "domain": "",
                "group_by_email": "",
                "iam_member": "",
                "role": "READER",
                "routine": [],
                "special_group": "projectReaders",
                "user_by_email": "",
                "view": []
              },
              {
                "dataset": [],
                "domain": "",
                "group_by_email": "",
                "iam_member": "",
                "role": "WRITER",
                "routine": [],
                "special_group": "projectWriters",
                "user_by_email": "",
                "view": []
              }
            ],
            "creation_time": 1781301481885,
            "dataset_id": "monitoring",
            "default_collation": "",
            "default_encryption_configuration": [],
            "default_partition_expiration_ms": 0,
            "default_table_expiration_ms": 0,
            "delete_contents_on_destroy": false,
            "description": "",
            "effective_labels": {
              "managed_by": "terraform",
              "project": "smard-energy-pipeline",
              "team": "data-engineering"
            },
            "etag": "CNOlDx7NBfVphTxl1Nvd5g==",
            "external_dataset_reference": [],
            "friendly_name": "Monitoring — Pipeline Audit",
            "id": "projects/data-management-2-498012/datasets/monitoring",
            "is_case_insensitive": false,
            "labels": {
              "managed_by": "terraform",
              "project": "smard-energy-pipeline",
              "team": "data-engineering"
            },
            "last_modified_time": 1781301481885,
            "location": "EU",
            "max_time_travel_hours": "168",
            "project": "data-management-2-498012",
            "resource_tags": {},
            "self_link": "https://bigquery.googleapis.com/bigquery/v2/projects/data-management-2-498012/datasets/monitoring",
            "storage_billing_model": "",
            "terraform_labels": {
              "managed_by": "terraform",
              "project": "smard-energy-pipeline",
              "team": "data-engineering"
            },
            "timeouts": null
          },
          "sensitive_attributes": [],
          "private": "eyJlMmJmYjczMC1lY2FhLTExZTYtOGY4OC0zNDM2M2JjN2M0YzAiOnsiY3JlYXRlIjoxMjAwMDAwMDAwMDAwLCJkZWxldGUiOjEyMDAwMDAwMDAwMDAsInVwZGF0ZSI6MTIwMDAwMDAwMDAwMH19",
          "dependencies": [
            "google_project_service.apis"
          ]
        }
      ]
    },
    {
      "mode": "managed",
      "type": "google_bigquery_dataset",
      "name": "quarantine",
      "provider": "provider[\"registry.terraform.io/hashicorp/google\"]",
      "instances": [
        {
          "schema_version": 0,
          "attributes": {
            "access": [
              {
                "dataset": [],
                "domain": "",
                "group_by_email": "",
                "iam_member": "",
                "role": "OWNER",
                "routine": [],
                "special_group": "",
                "user_by_email": "100004636@srh-heidelberg.org",
                "view": []
              },
              {
                "dataset": [],
                "domain": "",
                "group_by_email": "",
                "iam_member": "",
                "role": "OWNER",
                "routine": [],
                "special_group": "projectOwners",
                "user_by_email": "",
                "view": []
              },
              {
                "dataset": [],
                "domain": "",
                "group_by_email": "",
                "iam_member": "",
                "role": "READER",
                "routine": [],
                "special_group": "projectReaders",
                "user_by_email": "",
                "view": []
              },
              {
                "dataset": [],
                "domain": "",
                "group_by_email": "",
                "iam_member": "",
                "role": "WRITER",
                "routine": [],
                "special_group": "projectWriters",
                "user_by_email": "",
                "view": []
              }
            ],
            "creation_time": 1781301747764,
            "dataset_id": "quarantine",
            "default_collation": "",
            "default_encryption_configuration": [],
            "default_partition_expiration_ms": 0,
            "default_table_expiration_ms": 0,
            "delete_contents_on_destroy": false,
            "description": "",
            "effective_labels": {
              "managed_by": "terraform",
              "project": "smard-energy-pipeline",
              "team": "data-engineering"
            },
            "etag": "OsF2NHtmzQ6sr9vXgcFaMQ==",
            "external_dataset_reference": [],
            "friendly_name": "Quarantine — Failed Records",
            "id": "projects/data-management-2-498012/datasets/quarantine",
            "is_case_insensitive": false,
            "labels": {
              "managed_by": "terraform",
              "project": "smard-energy-pipeline",
              "team": "data-engineering"
            },
            "last_modified_time": 1781301747764,
            "location": "EU",
            "max_time_travel_hours": "168",
            "project": "data-management-2-498012",
            "resource_tags": null,
            "self_link": "https://bigquery.googleapis.com/bigquery/v2/projects/data-management-2-498012/datasets/quarantine",
            "storage_billing_model": "",
            "terraform_labels": {
              "managed_by": "terraform",
              "project": "smard-energy-pipeline",
              "team": "data-engineering"
            },
            "timeouts": null
          },
          "sensitive_attributes": [],
          "private": "eyJlMmJmYjczMC1lY2FhLTExZTYtOGY4OC0zNDM2M2JjN2M0YzAiOnsiY3JlYXRlIjoxMjAwMDAwMDAwMDAwLCJkZWxldGUiOjEyMDAwMDAwMDAwMDAsInVwZGF0ZSI6MTIwMDAwMDAwMDAwMH19",
          "dependencies": [
            "google_project_service.apis"
          ]
        }
      ]
    },
    {
      "mode": "managed",
      "type": "google_bigquery_table",
      "name": "pipeline_runs",
      "provider": "provider[\"registry.terraform.io/hashicorp/google\"]",
      "instances": [
        {
          "schema_version": 0,
          "attributes": {
            "allow_resource_tags_on_deletion": false,
            "clustering": null,
            "creation_time": 1781301483041,
            "dataset_id": "monitoring",
            "deletion_protection": false,
            "description": "",
            "effective_labels": {
              "managed_by": "terraform",
              "project": "smard-energy-pipeline",
              "team": "data-engineering"
            },
            "encryption_configuration": [],
            "etag": "B23SZyQpkg//XOKeCdydmA==",
            "expiration_time": 0,
            "external_data_configuration": [],
            "friendly_name": "",
            "id": "projects/data-management-2-498012/datasets/monitoring/tables/pipeline_runs",
            "labels": {
              "managed_by": "terraform",
              "project": "smard-energy-pipeline",
              "team": "data-engineering"
            },
            "last_modified_time": 1781301483328,
            "location": "EU",
            "materialized_view": [],
            "max_staleness": "",
            "num_bytes": 0,
            "num_long_term_bytes": 0,
            "num_rows": 0,
            "project": "data-management-2-498012",
            "range_partitioning": [],
            "require_partition_filter": false,
            "resource_tags": {},
            "schema": "[{\"mode\":\"REQUIRED\",\"name\":\"run_id\",\"type\":\"STRING\"},{\"mode\":\"REQUIRED\",\"name\":\"dag_id\",\"type\":\"STRING\"},{\"mode\":\"REQUIRED\",\"name\":\"task_id\",\"type\":\"STRING\"},{\"mode\":\"REQUIRED\",\"name\":\"started_at\",\"type\":\"TIMESTAMP\"},{\"mode\":\"NULLABLE\",\"name\":\"completed_at\",\"type\":\"TIMESTAMP\"},{\"mode\":\"REQUIRED\",\"name\":\"status\",\"type\":\"STRING\"},{\"mode\":\"NULLABLE\",\"name\":\"rows_extracted\",\"type\":\"INTEGER\"},{\"mode\":\"NULLABLE\",\"name\":\"rows_loaded\",\"type\":\"INTEGER\"},{\"mode\":\"NULLABLE\",\"name\":\"rows_rejected\",\"type\":\"INTEGER\"},{\"mode\":\"NULLABLE\",\"name\":\"source_table\",\"type\":\"STRING\"},{\"mode\":\"NULLABLE\",\"name\":\"target_table\",\"type\":\"STRING\"},{\"mode\":\"NULLABLE\",\"name\":\"error_message\",\"type\":\"STRING\"},{\"mode\":\"NULLABLE\",\"name\":\"duration_seconds\",\"type\":\"FLOAT\"},{\"mode\":\"REQUIRED\",\"name\":\"run_date\",\"type\":\"DATE\"},{\"mode\":\"NULLABLE\",\"name\":\"environment\",\"type\":\"STRING\"}]",
            "self_link": "https://bigquery.googleapis.com/bigquery/v2/projects/data-management-2-498012/datasets/monitoring/tables/pipeline_runs",
            "table_constraints": [],
            "table_id": "pipeline_runs",
            "table_replication_info": [],
            "terraform_labels": {
              "managed_by": "terraform",
              "project": "smard-energy-pipeline",
              "team": "data-engineering"
            },
            "time_partitioning": [
              {
                "expiration_ms": 0,
                "field": "run_date",
                "require_partition_filter": false,
                "type": "DAY"
              }
            ],
            "type": "TABLE",
            "view": []
          },
          "sensitive_attributes": [],
          "private": "bnVsbA==",
          "dependencies": [
            "google_bigquery_dataset.monitoring",
            "google_project_service.apis"
          ]
        }
      ]
    },
    {
      "mode": "managed",
      "type": "google_bigquery_table",
      "name": "quarantine_failed_records",
      "provider": "provider[\"registry.terraform.io/hashicorp/google\"]",
      "instances": [
        {
          "schema_version": 0,
          "attributes": {
            "allow_resource_tags_on_deletion": false,
            "clustering": null,
            "creation_time": 1781301749048,
            "dataset_id": "quarantine",
            "deletion_protection": false,
            "description": "",
            "effective_labels": {
              "managed_by": "terraform",
              "project": "smard-energy-pipeline",
              "team": "data-engineering"
            },
            "encryption_configuration": [],
            "etag": "dD1hOOHM4BNyUeX+U+52yQ==",
            "expiration_time": 0,
            "external_data_configuration": [],
            "friendly_name": "",
            "id": "projects/data-management-2-498012/datasets/quarantine/tables/failed_records",
            "labels": {
              "managed_by": "terraform",
              "project": "smard-energy-pipeline",
              "team": "data-engineering"
            },
            "last_modified_time": 1781301749343,
            "location": "EU",
            "materialized_view": [],
            "max_staleness": "",
            "num_bytes": 0,
            "num_long_term_bytes": 0,
            "num_rows": 0,
            "project": "data-management-2-498012",
            "range_partitioning": [],
            "require_partition_filter": false,
            "resource_tags": null,
            "schema": "[{\"mode\":\"REQUIRED\",\"name\":\"record_id\",\"type\":\"STRING\"},{\"mode\":\"REQUIRED\",\"name\":\"source_table\",\"type\":\"STRING\"},{\"mode\":\"REQUIRED\",\"name\":\"failed_at\",\"type\":\"TIMESTAMP\"},{\"mode\":\"NULLABLE\",\"name\":\"failure_reason\",\"type\":\"STRING\"},{\"mode\":\"NULLABLE\",\"name\":\"raw_record\",\"type\":\"JSON\"},{\"mode\":\"NULLABLE\",\"name\":\"ge_suite_name\",\"type\":\"STRING\"},{\"mode\":\"NULLABLE\",\"name\":\"pipeline_run_id\",\"type\":\"STRING\"}]",
            "self_link": "https://bigquery.googleapis.com/bigquery/v2/projects/data-management-2-498012/datasets/quarantine/tables/failed_records",
            "table_constraints": [],
            "table_id": "failed_records",
            "table_replication_info": [],
            "terraform_labels": {
              "managed_by": "terraform",
              "project": "smard-energy-pipeline",
              "team": "data-engineering"
            },
            "time_partitioning": [
              {
                "expiration_ms": 0,
                "field": "failed_at",
                "require_partition_filter": false,
                "type": "DAY"
              }
            ],
            "type": "TABLE",
            "view": []
          },
          "sensitive_attributes": [],
          "private": "bnVsbA==",
          "dependencies": [
            "google_bigquery_dataset.quarantine",
            "google_project_service.apis"
          ]
        }
      ]
    },
    {
      "mode": "managed",
      "type": "google_monitoring_notification_channel",
      "name": "email",
      "provider": "provider[\"registry.terraform.io/hashicorp/google\"]",
      "instances": [
        {
          "schema_version": 0,
          "attributes": {
            "description": "",
            "display_name": "SMARD Pipeline Alerts",
            "enabled": true,
            "force_delete": false,
            "id": "projects/data-management-2-498012/notificationChannels/6593724190627792844",
            "labels": {
              "email_address": "100004636@srh-heidelberg.org"
            },
            "name": "projects/data-management-2-498012/notificationChannels/6593724190627792844",
            "project": "data-management-2-498012",
            "sensitive_labels": [],
            "timeouts": null,
            "type": "email",
            "user_labels": {},
            "verification_status": ""
          },
          "sensitive_attributes": [],
          "private": "eyJlMmJmYjczMC1lY2FhLTExZTYtOGY4OC0zNDM2M2JjN2M0YzAiOnsiY3JlYXRlIjoxMjAwMDAwMDAwMDAwLCJkZWxldGUiOjEyMDAwMDAwMDAwMDAsInVwZGF0ZSI6MTIwMDAwMDAwMDAwMH19",
          "dependencies": [
            "google_project_service.apis"
          ]
        }
      ]
    },
    {
      "mode": "managed",
      "type": "google_project_iam_member",
      "name": "pipeline_roles",
      "provider": "provider[\"registry.terraform.io/hashicorp/google\"]",
      "instances": [
        {
          "index_key": "roles/bigquery.dataEditor",
          "schema_version": 0,
          "attributes": {
            "condition": [],
            "etag": "BwZUFZMApfI=",
            "id": "data-management-2-498012/roles/bigquery.dataEditor/serviceAccount:smard-pipeline-sa@data-management-2-498012.iam.gserviceaccount.com",
            "member": "serviceAccount:smard-pipeline-sa@data-management-2-498012.iam.gserviceaccount.com",
            "project": "data-management-2-498012",
            "role": "roles/bigquery.dataEditor"
          },
          "sensitive_attributes": [],
          "private": "bnVsbA==",
          "dependencies": [
            "google_project_service.apis",
            "google_service_account.pipeline_sa"
          ]
        },
        {
          "index_key": "roles/bigquery.jobUser",
          "schema_version": 0,
          "attributes": {
            "condition": [],
            "etag": "BwZUFZMApfI=",
            "id": "data-management-2-498012/roles/bigquery.jobUser/serviceAccount:smard-pipeline-sa@data-management-2-498012.iam.gserviceaccount.com",
            "member": "serviceAccount:smard-pipeline-sa@data-management-2-498012.iam.gserviceaccount.com",
            "project": "data-management-2-498012",
            "role": "roles/bigquery.jobUser"
          },
          "sensitive_attributes": [],
          "private": "bnVsbA==",
          "dependencies": [
            "google_project_service.apis",
            "google_service_account.pipeline_sa"
          ]
        },
        {
          "index_key": "roles/dataproc.worker",
          "schema_version": 0,
          "attributes": {
            "condition": [],
            "etag": "BwZUFZMApfI=",
            "id": "data-management-2-498012/roles/dataproc.worker/serviceAccount:smard-pipeline-sa@data-management-2-498012.iam.gserviceaccount.com",
            "member": "serviceAccount:smard-pipeline-sa@data-management-2-498012.iam.gserviceaccount.com",
            "project": "data-management-2-498012",
            "role": "roles/dataproc.worker"
          },
          "sensitive_attributes": [],
          "private": "bnVsbA==",
          "dependencies": [
            "google_project_service.apis",
            "google_service_account.pipeline_sa"
          ]
        },
        {
          "index_key": "roles/logging.logWriter",
          "schema_version": 0,
          "attributes": {
            "condition": [],
            "etag": "BwZUFZMApfI=",
            "id": "data-management-2-498012/roles/logging.logWriter/serviceAccount:smard-pipeline-sa@data-management-2-498012.iam.gserviceaccount.com",
            "member": "serviceAccount:smard-pipeline-sa@data-management-2-498012.iam.gserviceaccount.com",
            "project": "data-management-2-498012",
            "role": "roles/logging.logWriter"
          },
          "sensitive_attributes": [],
          "private": "bnVsbA==",
          "dependencies": [
            "google_project_service.apis",
            "google_service_account.pipeline_sa"
          ]
        },
        {
          "index_key": "roles/monitoring.metricWriter",
          "schema_version": 0,
          "attributes": {
            "condition": [],
            "etag": "BwZUFZMApfI=",
            "id": "data-management-2-498012/roles/monitoring.metricWriter/serviceAccount:smard-pipeline-sa@data-management-2-498012.iam.gserviceaccount.com",
            "member": "serviceAccount:smard-pipeline-sa@data-management-2-498012.iam.gserviceaccount.com",
            "project": "data-management-2-498012",
            "role": "roles/monitoring.metricWriter"
          },
          "sensitive_attributes": [],
          "private": "bnVsbA==",
          "dependencies": [
            "google_project_service.apis",
            "google_service_account.pipeline_sa"
          ]
        },
        {
          "index_key": "roles/pubsub.publisher",
          "schema_version": 0,
          "attributes": {
            "condition": [],
            "etag": "BwZUFZMApfI=",
            "id": "data-management-2-498012/roles/pubsub.publisher/serviceAccount:smard-pipeline-sa@data-management-2-498012.iam.gserviceaccount.com",
            "member": "serviceAccount:smard-pipeline-sa@data-management-2-498012.iam.gserviceaccount.com",
            "project": "data-management-2-498012",
            "role": "roles/pubsub.publisher"
          },
          "sensitive_attributes": [],
          "private": "bnVsbA==",
          "dependencies": [
            "google_project_service.apis",
            "google_service_account.pipeline_sa"
          ]
        },
        {
          "index_key": "roles/pubsub.subscriber",
          "schema_version": 0,
          "attributes": {
            "condition": [],
            "etag": "BwZUFZMApfI=",
            "id": "data-management-2-498012/roles/pubsub.subscriber/serviceAccount:smard-pipeline-sa@data-management-2-498012.iam.gserviceaccount.com",
            "member": "serviceAccount:smard-pipeline-sa@data-management-2-498012.iam.gserviceaccount.com",
            "project": "data-management-2-498012",
            "role": "roles/pubsub.subscriber"
          },
          "sensitive_attributes": [],
          "private": "bnVsbA==",
          "dependencies": [
            "google_project_service.apis",
            "google_service_account.pipeline_sa"
          ]
        },
        {
          "index_key": "roles/storage.objectAdmin",
          "schema_version": 0,
          "attributes": {
            "condition": [],
            "etag": "BwZUFZMApfI=",
            "id": "data-management-2-498012/roles/storage.objectAdmin/serviceAccount:smard-pipeline-sa@data-management-2-498012.iam.gserviceaccount.com",
            "member": "serviceAccount:smard-pipeline-sa@data-management-2-498012.iam.gserviceaccount.com",
            "project": "data-management-2-498012",
            "role": "roles/storage.objectAdmin"
          },
          "sensitive_attributes": [],
          "private": "bnVsbA==",
          "dependencies": [
            "google_project_service.apis",
            "google_service_account.pipeline_sa"
          ]
        }
      ]
    },
    {
      "mode": "managed",
      "type": "google_project_service",
      "name": "apis",
      "provider": "provider[\"registry.terraform.io/hashicorp/google\"]",
      "instances": [
        {
          "index_key": "bigquery.googleapis.com",
          "schema_version": 0,
          "attributes": {
            "disable_dependent_services": null,
            "disable_on_destroy": false,
            "id": "data-management-2-498012/bigquery.googleapis.com",
            "project": "data-management-2-498012",
            "service": "bigquery.googleapis.com",
            "timeouts": null
          },
          "sensitive_attributes": [],
          "private": "eyJlMmJmYjczMC1lY2FhLTExZTYtOGY4OC0zNDM2M2JjN2M0YzAiOnsiY3JlYXRlIjoxMjAwMDAwMDAwMDAwLCJkZWxldGUiOjEyMDAwMDAwMDAwMDAsInJlYWQiOjYwMDAwMDAwMDAwMCwidXBkYXRlIjoxMjAwMDAwMDAwMDAwfX0="
        },
        {
          "index_key": "dataproc.googleapis.com",
          "schema_version": 0,
          "attributes": {
            "disable_dependent_services": null,
            "disable_on_destroy": false,
            "id": "data-management-2-498012/dataproc.googleapis.com",
            "project": "data-management-2-498012",
            "service": "dataproc.googleapis.com",
            "timeouts": null
          },
          "sensitive_attributes": [],
          "private": "eyJlMmJmYjczMC1lY2FhLTExZTYtOGY4OC0zNDM2M2JjN2M0YzAiOnsiY3JlYXRlIjoxMjAwMDAwMDAwMDAwLCJkZWxldGUiOjEyMDAwMDAwMDAwMDAsInJlYWQiOjYwMDAwMDAwMDAwMCwidXBkYXRlIjoxMjAwMDAwMDAwMDAwfX0="
        },
        {
          "index_key": "iam.googleapis.com",
          "schema_version": 0,
          "attributes": {
            "disable_dependent_services": null,
            "disable_on_destroy": false,
            "id": "data-management-2-498012/iam.googleapis.com",
            "project": "data-management-2-498012",
            "service": "iam.googleapis.com",
            "timeouts": null
          },
          "sensitive_attributes": [],
          "private": "eyJlMmJmYjczMC1lY2FhLTExZTYtOGY4OC0zNDM2M2JjN2M0YzAiOnsiY3JlYXRlIjoxMjAwMDAwMDAwMDAwLCJkZWxldGUiOjEyMDAwMDAwMDAwMDAsInJlYWQiOjYwMDAwMDAwMDAwMCwidXBkYXRlIjoxMjAwMDAwMDAwMDAwfX0="
        },
        {
          "index_key": "logging.googleapis.com",
          "schema_version": 0,
          "attributes": {
            "disable_dependent_services": null,
            "disable_on_destroy": false,
            "id": "data-management-2-498012/logging.googleapis.com",
            "project": "data-management-2-498012",
            "service": "logging.googleapis.com",
            "timeouts": null
          },
          "sensitive_attributes": [],
          "private": "eyJlMmJmYjczMC1lY2FhLTExZTYtOGY4OC0zNDM2M2JjN2M0YzAiOnsiY3JlYXRlIjoxMjAwMDAwMDAwMDAwLCJkZWxldGUiOjEyMDAwMDAwMDAwMDAsInJlYWQiOjYwMDAwMDAwMDAwMCwidXBkYXRlIjoxMjAwMDAwMDAwMDAwfX0="
        },
        {
          "index_key": "monitoring.googleapis.com",
          "schema_version": 0,
          "attributes": {
            "disable_dependent_services": null,
            "disable_on_destroy": false,
            "id": "data-management-2-498012/monitoring.googleapis.com",
            "project": "data-management-2-498012",
            "service": "monitoring.googleapis.com",
            "timeouts": null
          },
          "sensitive_attributes": [],
          "private": "eyJlMmJmYjczMC1lY2FhLTExZTYtOGY4OC0zNDM2M2JjN2M0YzAiOnsiY3JlYXRlIjoxMjAwMDAwMDAwMDAwLCJkZWxldGUiOjEyMDAwMDAwMDAwMDAsInJlYWQiOjYwMDAwMDAwMDAwMCwidXBkYXRlIjoxMjAwMDAwMDAwMDAwfX0="
        },
        {
          "index_key": "pubsub.googleapis.com",
          "schema_version": 0,
          "attributes": {
            "disable_dependent_services": null,
            "disable_on_destroy": false,
            "id": "data-management-2-498012/pubsub.googleapis.com",
            "project": "data-management-2-498012",
            "service": "pubsub.googleapis.com",
            "timeouts": null
          },
          "sensitive_attributes": [],
          "private": "eyJlMmJmYjczMC1lY2FhLTExZTYtOGY4OC0zNDM2M2JjN2M0YzAiOnsiY3JlYXRlIjoxMjAwMDAwMDAwMDAwLCJkZWxldGUiOjEyMDAwMDAwMDAwMDAsInJlYWQiOjYwMDAwMDAwMDAwMCwidXBkYXRlIjoxMjAwMDAwMDAwMDAwfX0="
        },
        {
          "index_key": "secretmanager.googleapis.com",
          "schema_version": 0,
          "attributes": {
            "disable_dependent_services": null,
            "disable_on_destroy": false,
            "id": "data-management-2-498012/secretmanager.googleapis.com",
            "project": "data-management-2-498012",
            "service": "secretmanager.googleapis.com",
            "timeouts": null
          },
          "sensitive_attributes": [],
          "private": "eyJlMmJmYjczMC1lY2FhLTExZTYtOGY4OC0zNDM2M2JjN2M0YzAiOnsiY3JlYXRlIjoxMjAwMDAwMDAwMDAwLCJkZWxldGUiOjEyMDAwMDAwMDAwMDAsInJlYWQiOjYwMDAwMDAwMDAwMCwidXBkYXRlIjoxMjAwMDAwMDAwMDAwfX0="
        },
        {
          "index_key": "storage.googleapis.com",
          "schema_version": 0,
          "attributes": {
            "disable_dependent_services": null,
            "disable_on_destroy": false,
            "id": "data-management-2-498012/storage.googleapis.com",
            "project": "data-management-2-498012",
            "service": "storage.googleapis.com",
            "timeouts": null
          },
          "sensitive_attributes": [],
          "private": "eyJlMmJmYjczMC1lY2FhLTExZTYtOGY4OC0zNDM2M2JjN2M0YzAiOnsiY3JlYXRlIjoxMjAwMDAwMDAwMDAwLCJkZWxldGUiOjEyMDAwMDAwMDAwMDAsInJlYWQiOjYwMDAwMDAwMDAwMCwidXBkYXRlIjoxMjAwMDAwMDAwMDAwfX0="
        }
      ]
    },
    {
      "mode": "managed",
      "type": "google_pubsub_subscription",
      "name": "smard_energy_sub",
      "provider": "provider[\"registry.terraform.io/hashicorp/google\"]",
      "instances": [
        {
          "schema_version": 0,
          "attributes": {
            "ack_deadline_seconds": 60,
            "bigquery_config": [],
            "cloud_storage_config": [],
            "dead_letter_policy": [
              {
                "dead_letter_topic": "projects/data-management-2-498012/topics/smard-energy-live-dlq",
                "max_delivery_attempts": 5
              }
            ],
            "effective_labels": {
              "managed_by": "terraform",
              "project": "smard-energy-pipeline",
              "team": "data-engineering"
            },
            "enable_exactly_once_delivery": false,
            "enable_message_ordering": false,
            "expiration_policy": [
              {
                "ttl": "2678400s"
              }
            ],
            "filter": "",
            "id": "projects/data-management-2-498012/subscriptions/smard-energy-live-sub",
            "labels": {
              "managed_by": "terraform",
              "project": "smard-energy-pipeline",
              "team": "data-engineering"
            },
            "message_retention_duration": "86400s",
            "name": "smard-energy-live-sub",
            "project": "data-management-2-498012",
            "push_config": [],
            "retain_acked_messages": false,
            "retry_policy": [
              {
                "maximum_backoff": "600s",
                "minimum_backoff": "10s"
              }
            ],
            "terraform_labels": {
              "managed_by": "terraform",
              "project": "smard-energy-pipeline",
              "team": "data-engineering"
            },
            "timeouts": null,
            "topic": "projects/data-management-2-498012/topics/smard-energy-live"
          },
          "sensitive_attributes": [],
          "private": "eyJlMmJmYjczMC1lY2FhLTExZTYtOGY4OC0zNDM2M2JjN2M0YzAiOnsiY3JlYXRlIjoxMjAwMDAwMDAwMDAwLCJkZWxldGUiOjEyMDAwMDAwMDAwMDAsInVwZGF0ZSI6MTIwMDAwMDAwMDAwMH19",
          "dependencies": [
            "google_project_service.apis",
            "google_pubsub_topic.smard_energy_dlq",
            "google_pubsub_topic.smard_energy_live"
          ]
        }
      ]
    },
    {
      "mode": "managed",
      "type": "google_pubsub_subscription",
      "name": "weather_sub",
      "provider": "provider[\"registry.terraform.io/hashicorp/google\"]",
      "instances": [
        {
          "schema_version": 0,
          "attributes": {
            "ack_deadline_seconds": 60,
            "bigquery_config": [],
            "cloud_storage_config": [],
            "dead_letter_policy": [
              {
                "dead_letter_topic": "projects/data-management-2-498012/topics/weather-live-dlq",
                "max_delivery_attempts": 5
              }
            ],
            "effective_labels": {
              "managed_by": "terraform",
              "project": "smard-energy-pipeline",
              "team": "data-engineering"
            },
            "enable_exactly_once_delivery": false,
            "enable_message_ordering": false,
            "expiration_policy": [
              {
                "ttl": "2678400s"
              }
            ],
            "filter": "",
            "id": "projects/data-management-2-498012/subscriptions/weather-live-sub",
            "labels": {
              "managed_by": "terraform",
              "project": "smard-energy-pipeline",
              "team": "data-engineering"
            },
            "message_retention_duration": "86400s",
            "name": "weather-live-sub",
            "project": "data-management-2-498012",
            "push_config": [],
            "retain_acked_messages": false,
            "retry_policy": [],
            "terraform_labels": {
              "managed_by": "terraform",
              "project": "smard-energy-pipeline",
              "team": "data-engineering"
            },
            "timeouts": null,
            "topic": "projects/data-management-2-498012/topics/weather-live"
          },
          "sensitive_attributes": [],
          "private": "eyJlMmJmYjczMC1lY2FhLTExZTYtOGY4OC0zNDM2M2JjN2M0YzAiOnsiY3JlYXRlIjoxMjAwMDAwMDAwMDAwLCJkZWxldGUiOjEyMDAwMDAwMDAwMDAsInVwZGF0ZSI6MTIwMDAwMDAwMDAwMH19",
          "dependencies": [
            "google_project_service.apis",
            "google_pubsub_topic.weather_dlq",
            "google_pubsub_topic.weather_live"
          ]
        }
      ]
    },
    {
      "mode": "managed",
      "type": "google_pubsub_topic",
      "name": "smard_energy_dlq",
      "provider": "provider[\"registry.terraform.io/hashicorp/google\"]",
      "instances": [
        {
          "schema_version": 0,
          "attributes": {
            "effective_labels": {
              "managed_by": "terraform",
              "project": "smard-energy-pipeline",
              "team": "data-engineering"
            },
            "id": "projects/data-management-2-498012/topics/smard-energy-live-dlq",
            "ingestion_data_source_settings": [],
            "kms_key_name": "",
            "labels": {
              "managed_by": "terraform",
              "project": "smard-energy-pipeline",
              "team": "data-engineering"
            },
            "message_retention_duration": "604800s",
            "message_storage_policy": [],
            "name": "smard-energy-live-dlq",
            "project": "data-management-2-498012",
            "schema_settings": [],
            "terraform_labels": {
              "managed_by": "terraform",
              "project": "smard-energy-pipeline",
              "team": "data-engineering"
            },
            "timeouts": null
          },
          "sensitive_attributes": [],
          "private": "eyJlMmJmYjczMC1lY2FhLTExZTYtOGY4OC0zNDM2M2JjN2M0YzAiOnsiY3JlYXRlIjoxMjAwMDAwMDAwMDAwLCJkZWxldGUiOjEyMDAwMDAwMDAwMDAsInVwZGF0ZSI6MTIwMDAwMDAwMDAwMH19",
          "dependencies": [
            "google_project_service.apis"
          ]
        }
      ]
    },
    {
      "mode": "managed",
      "type": "google_pubsub_topic",
      "name": "smard_energy_live",
      "provider": "provider[\"registry.terraform.io/hashicorp/google\"]",
      "instances": [
        {
          "schema_version": 0,
          "attributes": {
            "effective_labels": {
              "managed_by": "terraform",
              "project": "smard-energy-pipeline",
              "team": "data-engineering"
            },
            "id": "projects/data-management-2-498012/topics/smard-energy-live",
            "ingestion_data_source_settings": [],
            "kms_key_name": "",
            "labels": {
              "managed_by": "terraform",
              "project": "smard-energy-pipeline",
              "team": "data-engineering"
            },
            "message_retention_duration": "86400s",
            "message_storage_policy": [],
            "name": "smard-energy-live",
            "project": "data-management-2-498012",
            "schema_settings": [],
            "terraform_labels": {
              "managed_by": "terraform",
              "project": "smard-energy-pipeline",
              "team": "data-engineering"
            },
            "timeouts": null
          },
          "sensitive_attributes": [],
          "private": "eyJlMmJmYjczMC1lY2FhLTExZTYtOGY4OC0zNDM2M2JjN2M0YzAiOnsiY3JlYXRlIjoxMjAwMDAwMDAwMDAwLCJkZWxldGUiOjEyMDAwMDAwMDAwMDAsInVwZGF0ZSI6MTIwMDAwMDAwMDAwMH19",
          "dependencies": [
            "google_project_service.apis"
          ]
        }
      ]
    },
    {
      "mode": "managed",
      "type": "google_pubsub_topic",
      "name": "weather_dlq",
      "provider": "provider[\"registry.terraform.io/hashicorp/google\"]",
      "instances": [
        {
          "schema_version": 0,
          "attributes": {
            "effective_labels": {
              "managed_by": "terraform",
              "project": "smard-energy-pipeline",
              "team": "data-engineering"
            },
            "id": "projects/data-management-2-498012/topics/weather-live-dlq",
            "ingestion_data_source_settings": [],
            "kms_key_name": "",
            "labels": {
              "managed_by": "terraform",
              "project": "smard-energy-pipeline",
              "team": "data-engineering"
            },
            "message_retention_duration": "604800s",
            "message_storage_policy": [],
            "name": "weather-live-dlq",
            "project": "data-management-2-498012",
            "schema_settings": [],
            "terraform_labels": {
              "managed_by": "terraform",
              "project": "smard-energy-pipeline",
              "team": "data-engineering"
            },
            "timeouts": null
          },
          "sensitive_attributes": [],
          "private": "eyJlMmJmYjczMC1lY2FhLTExZTYtOGY4OC0zNDM2M2JjN2M0YzAiOnsiY3JlYXRlIjoxMjAwMDAwMDAwMDAwLCJkZWxldGUiOjEyMDAwMDAwMDAwMDAsInVwZGF0ZSI6MTIwMDAwMDAwMDAwMH19",
          "dependencies": [
            "google_project_service.apis"
          ]
        }
      ]
    },
    {
      "mode": "managed",
      "type": "google_pubsub_topic",
      "name": "weather_live",
      "provider": "provider[\"registry.terraform.io/hashicorp/google\"]",
      "instances": [
        {
          "schema_version": 0,
          "attributes": {
            "effective_labels": {
              "managed_by": "terraform",
              "project": "smard-energy-pipeline",
              "team": "data-engineering"
            },
            "id": "projects/data-management-2-498012/topics/weather-live",
            "ingestion_data_source_settings": [],
            "kms_key_name": "",
            "labels": {
              "managed_by": "terraform",
              "project": "smard-energy-pipeline",
              "team": "data-engineering"
            },
            "message_retention_duration": "86400s",
            "message_storage_policy": [],
            "name": "weather-live",
            "project": "data-management-2-498012",
            "schema_settings": [],
            "terraform_labels": {
              "managed_by": "terraform",
              "project": "smard-energy-pipeline",
              "team": "data-engineering"
            },
            "timeouts": null
          },
          "sensitive_attributes": [],
          "private": "eyJlMmJmYjczMC1lY2FhLTExZTYtOGY4OC0zNDM2M2JjN2M0YzAiOnsiY3JlYXRlIjoxMjAwMDAwMDAwMDAwLCJkZWxldGUiOjEyMDAwMDAwMDAwMDAsInVwZGF0ZSI6MTIwMDAwMDAwMDAwMH19",
          "dependencies": [
            "google_project_service.apis"
          ]
        }
      ]
    },
    {
      "mode": "managed",
      "type": "google_service_account",
      "name": "pipeline_sa",
      "provider": "provider[\"registry.terraform.io/hashicorp/google\"]",
      "instances": [
        {
          "schema_version": 0,
          "attributes": {
            "account_id": "smard-pipeline-sa",
            "create_ignore_already_exists": null,
            "description": "",
            "disabled": false,
            "display_name": "SMARD Pipeline Service Account",
            "email": "smard-pipeline-sa@data-management-2-498012.iam.gserviceaccount.com",
            "id": "projects/data-management-2-498012/serviceAccounts/smard-pipeline-sa@data-management-2-498012.iam.gserviceaccount.com",
            "member": "serviceAccount:smard-pipeline-sa@data-management-2-498012.iam.gserviceaccount.com",
            "name": "projects/data-management-2-498012/serviceAccounts/smard-pipeline-sa@data-management-2-498012.iam.gserviceaccount.com",
            "project": "data-management-2-498012",
            "timeouts": null,
            "unique_id": "111684944252896850734"
          },
          "sensitive_attributes": [],
          "private": "eyJlMmJmYjczMC1lY2FhLTExZTYtOGY4OC0zNDM2M2JjN2M0YzAiOnsiY3JlYXRlIjozMDAwMDAwMDAwMDB9fQ==",
          "dependencies": [
            "google_project_service.apis"
          ]
        }
      ]
    },
    {
      "mode": "managed",
      "type": "google_storage_bucket",
      "name": "dbt_artifacts",
      "provider": "provider[\"registry.terraform.io/hashicorp/google\"]",
      "instances": [
        {
          "schema_version": 2,
          "attributes": {
            "autoclass": [],
            "cors": [],
            "custom_placement_config": [],
            "default_event_based_hold": false,
            "effective_labels": {
              "managed_by": "terraform",
              "project": "smard-energy-pipeline",
              "team": "data-engineering"
            },
            "enable_object_retention": false,
            "encryption": [],
            "force_destroy": true,
            "id": "data-management-2-smard-raw-dbt",
            "labels": {
              "managed_by": "terraform",
              "project": "smard-energy-pipeline",
              "team": "data-engineering"
            },
            "lifecycle_rule": [],
            "location": "EUROPE-WEST3",
            "logging": [],
            "name": "data-management-2-smard-raw-dbt",
            "project": "data-management-2-498012",
            "project_number": 248388805501,
            "public_access_prevention": "inherited",
            "requester_pays": false,
            "retention_policy": [],
            "rpo": null,
            "self_link": "https://www.googleapis.com/storage/v1/b/data-management-2-smard-raw-dbt",
            "soft_delete_policy": [
              {
                "effective_time": "2026-06-12T21:52:55.459Z",
                "retention_duration_seconds": 604800
              }
            ],
            "storage_class": "STANDARD",
            "terraform_labels": {
              "managed_by": "terraform",
              "project": "smard-energy-pipeline",
              "team": "data-engineering"
            },
            "timeouts": null,
            "uniform_bucket_level_access": true,
            "url": "gs://data-management-2-smard-raw-dbt",
            "versioning": [],
            "website": []
          },
          "sensitive_attributes": [],
          "private": "eyJlMmJmYjczMC1lY2FhLTExZTYtOGY4OC0zNDM2M2JjN2M0YzAiOnsiY3JlYXRlIjo2MDAwMDAwMDAwMDAsInJlYWQiOjI0MDAwMDAwMDAwMCwidXBkYXRlIjoyNDAwMDAwMDAwMDB9LCJzY2hlbWFfdmVyc2lvbiI6IjIifQ=="
        }
      ]
    },
    {
      "mode": "managed",
      "type": "google_storage_bucket",
      "name": "ge_docs",
      "provider": "provider[\"registry.terraform.io/hashicorp/google\"]",
      "instances": [
        {
          "schema_version": 2,
          "attributes": {
            "autoclass": [],
            "cors": [],
            "custom_placement_config": [],
            "default_event_based_hold": false,
            "effective_labels": {
              "managed_by": "terraform",
              "project": "smard-energy-pipeline",
              "team": "data-engineering"
            },
            "enable_object_retention": false,
            "encryption": [],
            "force_destroy": true,
            "id": "data-management-2-smard-raw-ge-docs",
            "labels": {
              "managed_by": "terraform",
              "project": "smard-energy-pipeline",
              "team": "data-engineering"
            },
            "lifecycle_rule": [],
            "location": "EUROPE-WEST3",
            "logging": [],
            "name": "data-management-2-smard-raw-ge-docs",
            "project": "data-management-2-498012",
            "project_number": 248388805501,
            "public_access_prevention": "inherited",
            "requester_pays": false,
            "retention_policy": [],
            "rpo": null,
            "self_link": "https://www.googleapis.com/storage/v1/b/data-management-2-smard-raw-ge-docs",
            "soft_delete_policy": [
              {
                "effective_time": "2026-06-12T21:52:56.451Z",
                "retention_duration_seconds": 604800
              }
            ],
            "storage_class": "STANDARD",
            "terraform_labels": {
              "managed_by": "terraform",
              "project": "smard-energy-pipeline",
              "team": "data-engineering"
            },
            "timeouts": null,
            "uniform_bucket_level_access": false,
            "url": "gs://data-management-2-smard-raw-ge-docs",
            "versioning": [],
            "website": []
          },
          "sensitive_attributes": [],
          "private": "eyJlMmJmYjczMC1lY2FhLTExZTYtOGY4OC0zNDM2M2JjN2M0YzAiOnsiY3JlYXRlIjo2MDAwMDAwMDAwMDAsInJlYWQiOjI0MDAwMDAwMDAwMCwidXBkYXRlIjoyNDAwMDAwMDAwMDB9LCJzY2hlbWFfdmVyc2lvbiI6IjIifQ=="
        }
      ]
    },
    {
      "mode": "managed",
      "type": "google_storage_bucket",
      "name": "raw_data",
      "provider": "provider[\"registry.terraform.io/hashicorp/google\"]",
      "instances": [
        {
          "schema_version": 2,
          "attributes": {
            "autoclass": [],
            "cors": [],
            "custom_placement_config": [],
            "default_event_based_hold": false,
            "effective_labels": {
              "managed_by": "terraform",
              "project": "smard-energy-pipeline",
              "team": "data-engineering"
            },
            "enable_object_retention": false,
            "encryption": [],
            "force_destroy": true,
            "id": "data-management-2-smard-raw",
            "labels": {
              "managed_by": "terraform",
              "project": "smard-energy-pipeline",
              "team": "data-engineering"
            },
            "lifecycle_rule": [],
            "location": "EUROPE-WEST3",
            "logging": [],
            "name": "data-management-2-smard-raw",
            "project": "data-management-2-498012",
            "project_number": 248388805501,
            "public_access_prevention": "inherited",
            "requester_pays": false,
            "retention_policy": [],
            "rpo": null,
            "self_link": "https://www.googleapis.com/storage/v1/b/data-management-2-smard-raw",
            "soft_delete_policy": [
              {
                "effective_time": "2026-06-12T21:52:55.967Z",
                "retention_duration_seconds": 604800
              }
            ],
            "storage_class": "STANDARD",
            "terraform_labels": {
              "managed_by": "terraform",
              "project": "smard-energy-pipeline",
              "team": "data-engineering"
            },
            "timeouts": null,
            "uniform_bucket_level_access": true,
            "url": "gs://data-management-2-smard-raw",
            "versioning": [
              {
                "enabled": true
              }
            ],
            "website": []
          },
          "sensitive_attributes": [],
          "private": "eyJlMmJmYjczMC1lY2FhLTExZTYtOGY4OC0zNDM2M2JjN2M0YzAiOnsiY3JlYXRlIjo2MDAwMDAwMDAwMDAsInJlYWQiOjI0MDAwMDAwMDAwMCwidXBkYXRlIjoyNDAwMDAwMDAwMDB9LCJzY2hlbWFfdmVyc2lvbiI6IjIifQ=="
        }
      ]
    },
    {
      "mode": "managed",
      "type": "google_storage_bucket_object",
      "name": "folders",
      "provider": "provider[\"registry.terraform.io/hashicorp/google\"]",
      "instances": [
        {
          "index_key": "checkpoints/energy_stream/.keep",
          "schema_version": 0,
          "attributes": {
            "bucket": "data-management-2-smard-raw",
            "cache_control": "",
            "content": "placeholder",
            "content_disposition": "",
            "content_encoding": "",
            "content_language": "",
            "content_type": "text/plain; charset=utf-8",
            "crc32c": "XkI+Dw==",
            "customer_encryption": [],
            "detect_md5hash": "apnFdauH+MfR7R5S5+NJzg==",
            "event_based_hold": false,
            "generation": 1781301177068029,
            "id": "data-management-2-smard-raw-checkpoints/energy_stream/.keep",
            "kms_key_name": "",
            "md5hash": "apnFdauH+MfR7R5S5+NJzg==",
            "media_link": "https://storage.googleapis.com/download/storage/v1/b/data-management-2-smard-raw/o/checkpoints%2Fenergy_stream%2F.keep?generation=1781301177068029\u0026alt=media",
            "metadata": {},
            "name": "checkpoints/energy_stream/.keep",
            "output_name": "checkpoints/energy_stream/.keep",
            "retention": [],
            "self_link": "https://www.googleapis.com/storage/v1/b/data-management-2-smard-raw/o/checkpoints%2Fenergy_stream%2F.keep",
            "source": null,
            "storage_class": "STANDARD",
            "temporary_hold": false,
            "timeouts": null
          },
          "sensitive_attributes": [],
          "private": "eyJlMmJmYjczMC1lY2FhLTExZTYtOGY4OC0zNDM2M2JjN2M0YzAiOnsiY3JlYXRlIjoyNDAwMDAwMDAwMDAsImRlbGV0ZSI6MjQwMDAwMDAwMDAwLCJ1cGRhdGUiOjI0MDAwMDAwMDAwMH19",
          "dependencies": [
            "google_storage_bucket.raw_data"
          ]
        },
        {
          "index_key": "checkpoints/weather_stream/.keep",
          "schema_version": 0,
          "attributes": {
            "bucket": "data-management-2-smard-raw",
            "cache_control": "",
            "content": "placeholder",
            "content_disposition": "",
            "content_encoding": "",
            "content_language": "",
            "content_type": "text/plain; charset=utf-8",
            "crc32c": "XkI+Dw==",
            "customer_encryption": [],
            "detect_md5hash": "apnFdauH+MfR7R5S5+NJzg==",
            "event_based_hold": false,
            "generation": 1781301176376932,
            "id": "data-management-2-smard-raw-checkpoints/weather_stream/.keep",
            "kms_key_name": "",
            "md5hash": "apnFdauH+MfR7R5S5+NJzg==",
            "media_link": "https://storage.googleapis.com/download/storage/v1/b/data-management-2-smard-raw/o/checkpoints%2Fweather_stream%2F.keep?generation=1781301176376932\u0026alt=media",
            "metadata": {},
            "name": "checkpoints/weather_stream/.keep",
            "output_name": "checkpoints/weather_stream/.keep",
            "retention": [],
            "self_link": "https://www.googleapis.com/storage/v1/b/data-management-2-smard-raw/o/checkpoints%2Fweather_stream%2F.keep",
            "source": null,
            "storage_class": "STANDARD",
            "temporary_hold": false,
            "timeouts": null
          },
          "sensitive_attributes": [],
          "private": "eyJlMmJmYjczMC1lY2FhLTExZTYtOGY4OC0zNDM2M2JjN2M0YzAiOnsiY3JlYXRlIjoyNDAwMDAwMDAwMDAsImRlbGV0ZSI6MjQwMDAwMDAwMDAwLCJ1cGRhdGUiOjI0MDAwMDAwMDAwMH19",
          "dependencies": [
            "google_storage_bucket.raw_data"
          ]
        },
        {
          "index_key": "ecb/exchange_rates/.keep",
          "schema_version": 0,
          "attributes": {
            "bucket": "data-management-2-smard-raw",
            "cache_control": "",
            "content": "placeholder",
            "content_disposition": "",
            "content_encoding": "",
            "content_language": "",
            "content_type": "text/plain; charset=utf-8",
            "crc32c": "XkI+Dw==",
            "customer_encryption": [],
            "detect_md5hash": "apnFdauH+MfR7R5S5+NJzg==",
            "event_based_hold": false,
            "generation": 1781301176863953,
            "id": "data-management-2-smard-raw-ecb/exchange_rates/.keep",
            "kms_key_name": "",
            "md5hash": "apnFdauH+MfR7R5S5+NJzg==",
            "media_link": "https://storage.googleapis.com/download/storage/v1/b/data-management-2-smard-raw/o/ecb%2Fexchange_rates%2F.keep?generation=1781301176863953\u0026alt=media",
            "metadata": {},
            "name": "ecb/exchange_rates/.keep",
            "output_name": "ecb/exchange_rates/.keep",
            "retention": [],
            "self_link": "https://www.googleapis.com/storage/v1/b/data-management-2-smard-raw/o/ecb%2Fexchange_rates%2F.keep",
            "source": null,
            "storage_class": "STANDARD",
            "temporary_hold": false,
            "timeouts": null
          },
          "sensitive_attributes": [],
          "private": "eyJlMmJmYjczMC1lY2FhLTExZTYtOGY4OC0zNDM2M2JjN2M0YzAiOnsiY3JlYXRlIjoyNDAwMDAwMDAwMDAsImRlbGV0ZSI6MjQwMDAwMDAwMDAwLCJ1cGRhdGUiOjI0MDAwMDAwMDAwMH19",
          "dependencies": [
            "google_storage_bucket.raw_data"
          ]
        },
        {
          "index_key": "eurostat/energy_prices/.keep",
          "schema_version": 0,
          "attributes": {
            "bucket": "data-management-2-smard-raw",
            "cache_control": "",
            "content": "placeholder",
            "content_disposition": "",
            "content_encoding": "",
            "content_language": "",
            "content_type": "text/plain; charset=utf-8",
            "crc32c": "XkI+Dw==",
            "customer_encryption": [],
            "detect_md5hash": "apnFdauH+MfR7R5S5+NJzg==",
            "event_based_hold": false,
            "generation": 1781301176922149,
            "id": "data-management-2-smard-raw-eurostat/energy_prices/.keep",
            "kms_key_name": "",
            "md5hash": "apnFdauH+MfR7R5S5+NJzg==",
            "media_link": "https://storage.googleapis.com/download/storage/v1/b/data-management-2-smard-raw/o/eurostat%2Fenergy_prices%2F.keep?generation=1781301176922149\u0026alt=media",
            "metadata": {},
            "name": "eurostat/energy_prices/.keep",
            "output_name": "eurostat/energy_prices/.keep",
            "retention": [],
            "self_link": "https://www.googleapis.com/storage/v1/b/data-management-2-smard-raw/o/eurostat%2Fenergy_prices%2F.keep",
            "source": null,
            "storage_class": "STANDARD",
            "temporary_hold": false,
            "timeouts": null
          },
          "sensitive_attributes": [],
          "private": "eyJlMmJmYjczMC1lY2FhLTExZTYtOGY4OC0zNDM2M2JjN2M0YzAiOnsiY3JlYXRlIjoyNDAwMDAwMDAwMDAsImRlbGV0ZSI6MjQwMDAwMDAwMDAwLCJ1cGRhdGUiOjI0MDAwMDAwMDAwMH19",
          "dependencies": [
            "google_storage_bucket.raw_data"
          ]
        },
        {
          "index_key": "holidays/german/.keep",
          "schema_version": 0,
          "attributes": {
            "bucket": "data-management-2-smard-raw",
            "cache_control": "",
            "content": "placeholder",
            "content_disposition": "",
            "content_encoding": "",
            "content_language": "",
            "content_type": "text/plain; charset=utf-8",
            "crc32c": "XkI+Dw==",
            "customer_encryption": [],
            "detect_md5hash": "apnFdauH+MfR7R5S5+NJzg==",
            "event_based_hold": false,
            "generation": 1781301176743321,
            "id": "data-management-2-smard-raw-holidays/german/.keep",
            "kms_key_name": "",
            "md5hash": "apnFdauH+MfR7R5S5+NJzg==",
            "media_link": "https://storage.googleapis.com/download/storage/v1/b/data-management-2-smard-raw/o/holidays%2Fgerman%2F.keep?generation=1781301176743321\u0026alt=media",
            "metadata": {},
            "name": "holidays/german/.keep",
            "output_name": "holidays/german/.keep",
            "retention": [],
            "self_link": "https://www.googleapis.com/storage/v1/b/data-management-2-smard-raw/o/holidays%2Fgerman%2F.keep",
            "source": null,
            "storage_class": "STANDARD",
            "temporary_hold": false,
            "timeouts": null
          },
          "sensitive_attributes": [],
          "private": "eyJlMmJmYjczMC1lY2FhLTExZTYtOGY4OC0zNDM2M2JjN2M0YzAiOnsiY3JlYXRlIjoyNDAwMDAwMDAwMDAsImRlbGV0ZSI6MjQwMDAwMDAwMDAwLCJ1cGRhdGUiOjI0MDAwMDAwMDAwMH19",
          "dependencies": [
            "google_storage_bucket.raw_data"
          ]
        },
        {
          "index_key": "smard/historical/crossborder/.keep",
          "schema_version": 0,
          "attributes": {
            "bucket": "data-management-2-smard-raw",
            "cache_control": "",
            "content": "placeholder",
            "content_disposition": "",
            "content_encoding": "",
            "content_language": "",
            "content_type": "text/plain; charset=utf-8",
            "crc32c": "XkI+Dw==",
            "customer_encryption": [],
            "detect_md5hash": "apnFdauH+MfR7R5S5+NJzg==",
            "event_based_hold": false,
            "generation": 1781301176232031,
            "id": "data-management-2-smard-raw-smard/historical/crossborder/.keep",
            "kms_key_name": "",
            "md5hash": "apnFdauH+MfR7R5S5+NJzg==",
            "media_link": "https://storage.googleapis.com/download/storage/v1/b/data-management-2-smard-raw/o/smard%2Fhistorical%2Fcrossborder%2F.keep?generation=1781301176232031\u0026alt=media",
            "metadata": {},
            "name": "smard/historical/crossborder/.keep",
            "output_name": "smard/historical/crossborder/.keep",
            "retention": [],
            "self_link": "https://www.googleapis.com/storage/v1/b/data-management-2-smard-raw/o/smard%2Fhistorical%2Fcrossborder%2F.keep",
            "source": null,
            "storage_class": "STANDARD",
            "temporary_hold": false,
            "timeouts": null
          },
          "sensitive_attributes": [],
          "private": "eyJlMmJmYjczMC1lY2FhLTExZTYtOGY4OC0zNDM2M2JjN2M0YzAiOnsiY3JlYXRlIjoyNDAwMDAwMDAwMDAsImRlbGV0ZSI6MjQwMDAwMDAwMDAwLCJ1cGRhdGUiOjI0MDAwMDAwMDAwMH19",
          "dependencies": [
            "google_storage_bucket.raw_data"
          ]
        },
        {
          "index_key": "smard/historical/energy/.keep",
          "schema_version": 0,
          "attributes": {
            "bucket": "data-management-2-smard-raw",
            "cache_control": "",
            "content": "placeholder",
            "content_disposition": "",
            "content_encoding": "",
            "content_language": "",
            "content_type": "text/plain; charset=utf-8",
            "crc32c": "XkI+Dw==",
            "customer_encryption": [],
            "detect_md5hash": "apnFdauH+MfR7R5S5+NJzg==",
            "event_based_hold": false,
            "generation": 1781301176595310,
            "id": "data-management-2-smard-raw-smard/historical/energy/.keep",
            "kms_key_name": "",
            "md5hash": "apnFdauH+MfR7R5S5+NJzg==",
            "media_link": "https://storage.googleapis.com/download/storage/v1/b/data-management-2-smard-raw/o/smard%2Fhistorical%2Fenergy%2F.keep?generation=1781301176595310\u0026alt=media",
            "metadata": {},
            "name": "smard/historical/energy/.keep",
            "output_name": "smard/historical/energy/.keep",
            "retention": [],
            "self_link": "https://www.googleapis.com/storage/v1/b/data-management-2-smard-raw/o/smard%2Fhistorical%2Fenergy%2F.keep",
            "source": null,
            "storage_class": "STANDARD",
            "temporary_hold": false,
            "timeouts": null
          },
          "sensitive_attributes": [],
          "private": "eyJlMmJmYjczMC1lY2FhLTExZTYtOGY4OC0zNDM2M2JjN2M0YzAiOnsiY3JlYXRlIjoyNDAwMDAwMDAwMDAsImRlbGV0ZSI6MjQwMDAwMDAwMDAwLCJ1cGRhdGUiOjI0MDAwMDAwMDAwMH19",
          "dependencies": [
            "google_storage_bucket.raw_data"
          ]
        },
        {
          "index_key": "smard/historical/prices/.keep",
          "schema_version": 0,
          "attributes": {
            "bucket": "data-management-2-smard-raw",
            "cache_control": "",
            "content": "placeholder",
            "content_disposition": "",
            "content_encoding": "",
            "content_language": "",
            "content_type": "text/plain; charset=utf-8",
            "crc32c": "XkI+Dw==",
            "customer_encryption": [],
            "detect_md5hash": "apnFdauH+MfR7R5S5+NJzg==",
            "event_based_hold": false,
            "generation": 1781301177040105,
            "id": "data-management-2-smard-raw-smard/historical/prices/.keep",
            "kms_key_name": "",
            "md5hash": "apnFdauH+MfR7R5S5+NJzg==",
            "media_link": "https://storage.googleapis.com/download/storage/v1/b/data-management-2-smard-raw/o/smard%2Fhistorical%2Fprices%2F.keep?generation=1781301177040105\u0026alt=media",
            "metadata": {},
            "name": "smard/historical/prices/.keep",
            "output_name": "smard/historical/prices/.keep",
            "retention": [],
            "self_link": "https://www.googleapis.com/storage/v1/b/data-management-2-smard-raw/o/smard%2Fhistorical%2Fprices%2F.keep",
            "source": null,
            "storage_class": "STANDARD",
            "temporary_hold": false,
            "timeouts": null
          },
          "sensitive_attributes": [],
          "private": "eyJlMmJmYjczMC1lY2FhLTExZTYtOGY4OC0zNDM2M2JjN2M0YzAiOnsiY3JlYXRlIjoyNDAwMDAwMDAwMDAsImRlbGV0ZSI6MjQwMDAwMDAwMDAwLCJ1cGRhdGUiOjI0MDAwMDAwMDAwMH19",
          "dependencies": [
            "google_storage_bucket.raw_data"
          ]
        },
        {
          "index_key": "smard/live/.keep",
          "schema_version": 0,
          "attributes": {
            "bucket": "data-management-2-smard-raw",
            "cache_control": "",
            "content": "placeholder",
            "content_disposition": "",
            "content_encoding": "",
            "content_language": "",
            "content_type": "text/plain; charset=utf-8",
            "crc32c": "XkI+Dw==",
            "customer_encryption": [],
            "detect_md5hash": "apnFdauH+MfR7R5S5+NJzg==",
            "event_based_hold": false,
            "generation": 1781301177515997,
            "id": "data-management-2-smard-raw-smard/live/.keep",
            "kms_key_name": "",
            "md5hash": "apnFdauH+MfR7R5S5+NJzg==",
            "media_link": "https://storage.googleapis.com/download/storage/v1/b/data-management-2-smard-raw/o/smard%2Flive%2F.keep?generation=1781301177515997\u0026alt=media",
            "metadata": {},
            "name": "smard/live/.keep",
            "output_name": "smard/live/.keep",
            "retention": [],
            "self_link": "https://www.googleapis.com/storage/v1/b/data-management-2-smard-raw/o/smard%2Flive%2F.keep",
            "source": null,
            "storage_class": "STANDARD",
            "temporary_hold": false,
            "timeouts": null
          },
          "sensitive_attributes": [],
          "private": "eyJlMmJmYjczMC1lY2FhLTExZTYtOGY4OC0zNDM2M2JjN2M0YzAiOnsiY3JlYXRlIjoyNDAwMDAwMDAwMDAsImRlbGV0ZSI6MjQwMDAwMDAwMDAwLCJ1cGRhdGUiOjI0MDAwMDAwMDAwMH19",
          "dependencies": [
            "google_storage_bucket.raw_data"
          ]
        },
        {
          "index_key": "snowflake_staging/.keep",
          "schema_version": 0,
          "attributes": {
            "bucket": "data-management-2-smard-raw",
            "cache_control": "",
            "content": "placeholder",
            "content_disposition": "",
            "content_encoding": "",
            "content_language": "",
            "content_type": "text/plain; charset=utf-8",
            "crc32c": "XkI+Dw==",
            "customer_encryption": [],
            "detect_md5hash": "apnFdauH+MfR7R5S5+NJzg==",
            "event_based_hold": false,
            "generation": 1781301177345980,
            "id": "data-management-2-smard-raw-snowflake_staging/.keep",
            "kms_key_name": "",
            "md5hash": "apnFdauH+MfR7R5S5+NJzg==",
            "media_link": "https://storage.googleapis.com/download/storage/v1/b/data-management-2-smard-raw/o/snowflake_staging%2F.keep?generation=1781301177345980\u0026alt=media",
            "metadata": {},
            "name": "snowflake_staging/.keep",
            "output_name": "snowflake_staging/.keep",
            "retention": [],
            "self_link": "https://www.googleapis.com/storage/v1/b/data-management-2-smard-raw/o/snowflake_staging%2F.keep",
            "source": null,
            "storage_class": "STANDARD",
            "temporary_hold": false,
            "timeouts": null
          },
          "sensitive_attributes": [],
          "private": "eyJlMmJmYjczMC1lY2FhLTExZTYtOGY4OC0zNDM2M2JjN2M0YzAiOnsiY3JlYXRlIjoyNDAwMDAwMDAwMDAsImRlbGV0ZSI6MjQwMDAwMDAwMDAwLCJ1cGRhdGUiOjI0MDAwMDAwMDAwMH19",
          "dependencies": [
            "google_storage_bucket.raw_data"
          ]
        },
        {
          "index_key": "spark/jobs/.keep",
          "schema_version": 0,
          "attributes": {
            "bucket": "data-management-2-smard-raw",
            "cache_control": "",
            "content": "placeholder",
            "content_disposition": "",
            "content_encoding": "",
            "content_language": "",
            "content_type": "text/plain; charset=utf-8",
            "crc32c": "XkI+Dw==",
            "customer_encryption": [],
            "detect_md5hash": "apnFdauH+MfR7R5S5+NJzg==",
            "event_based_hold": false,
            "generation": 1781301177201302,
            "id": "data-management-2-smard-raw-spark/jobs/.keep",
            "kms_key_name": "",
            "md5hash": "apnFdauH+MfR7R5S5+NJzg==",
            "media_link": "https://storage.googleapis.com/download/storage/v1/b/data-management-2-smard-raw/o/spark%2Fjobs%2F.keep?generation=1781301177201302\u0026alt=media",
            "metadata": {},
            "name": "spark/jobs/.keep",
            "output_name": "spark/jobs/.keep",
            "retention": [],
            "self_link": "https://www.googleapis.com/storage/v1/b/data-management-2-smard-raw/o/spark%2Fjobs%2F.keep",
            "source": null,
            "storage_class": "STANDARD",
            "temporary_hold": false,
            "timeouts": null
          },
          "sensitive_attributes": [],
          "private": "eyJlMmJmYjczMC1lY2FhLTExZTYtOGY4OC0zNDM2M2JjN2M0YzAiOnsiY3JlYXRlIjoyNDAwMDAwMDAwMDAsImRlbGV0ZSI6MjQwMDAwMDAwMDAwLCJ1cGRhdGUiOjI0MDAwMDAwMDAwMH19",
          "dependencies": [
            "google_storage_bucket.raw_data"
          ]
        },
        {
          "index_key": "weather/historical/.keep",
          "schema_version": 0,
          "attributes": {
            "bucket": "data-management-2-smard-raw",
            "cache_control": "",
            "content": "placeholder",
            "content_disposition": "",
            "content_encoding": "",
            "content_language": "",
            "content_type": "text/plain; charset=utf-8",
            "crc32c": "XkI+Dw==",
            "customer_encryption": [],
            "detect_md5hash": "apnFdauH+MfR7R5S5+NJzg==",
            "event_based_hold": false,
            "generation": 1781301177392903,
            "id": "data-management-2-smard-raw-weather/historical/.keep",
            "kms_key_name": "",
            "md5hash": "apnFdauH+MfR7R5S5+NJzg==",
            "media_link": "https://storage.googleapis.com/download/storage/v1/b/data-management-2-smard-raw/o/weather%2Fhistorical%2F.keep?generation=1781301177392903\u0026alt=media",
            "metadata": {},
            "name": "weather/historical/.keep",
            "output_name": "weather/historical/.keep",
            "retention": [],
            "self_link": "https://www.googleapis.com/storage/v1/b/data-management-2-smard-raw/o/weather%2Fhistorical%2F.keep",
            "source": null,
            "storage_class": "STANDARD",
            "temporary_hold": false,
            "timeouts": null
          },
          "sensitive_attributes": [],
          "private": "eyJlMmJmYjczMC1lY2FhLTExZTYtOGY4OC0zNDM2M2JjN2M0YzAiOnsiY3JlYXRlIjoyNDAwMDAwMDAwMDAsImRlbGV0ZSI6MjQwMDAwMDAwMDAwLCJ1cGRhdGUiOjI0MDAwMDAwMDAwMH19",
          "dependencies": [
            "google_storage_bucket.raw_data"
          ]
        },
        {
          "index_key": "weather/live/.keep",
          "schema_version": 0,
          "attributes": {
            "bucket": "data-management-2-smard-raw",
            "cache_control": "",
            "content": "placeholder",
            "content_disposition": "",
            "content_encoding": "",
            "content_language": "",
            "content_type": "text/plain; charset=utf-8",
            "crc32c": "XkI+Dw==",
            "customer_encryption": [],
            "detect_md5hash": "apnFdauH+MfR7R5S5+NJzg==",
            "event_based_hold": false,
            "generation": 1781301177230410,
            "id": "data-management-2-smard-raw-weather/live/.keep",
            "kms_key_name": "",
            "md5hash": "apnFdauH+MfR7R5S5+NJzg==",
            "media_link": "https://storage.googleapis.com/download/storage/v1/b/data-management-2-smard-raw/o/weather%2Flive%2F.keep?generation=1781301177230410\u0026alt=media",
            "metadata": {},
            "name": "weather/live/.keep",
            "output_name": "weather/live/.keep",
            "retention": [],
            "self_link": "https://www.googleapis.com/storage/v1/b/data-management-2-smard-raw/o/weather%2Flive%2F.keep",
            "source": null,
            "storage_class": "STANDARD",
            "temporary_hold": false,
            "timeouts": null
          },
          "sensitive_attributes": [],
          "private": "eyJlMmJmYjczMC1lY2FhLTExZTYtOGY4OC0zNDM2M2JjN2M0YzAiOnsiY3JlYXRlIjoyNDAwMDAwMDAwMDAsImRlbGV0ZSI6MjQwMDAwMDAwMDAwLCJ1cGRhdGUiOjI0MDAwMDAwMDAwMH19",
          "dependencies": [
            "google_storage_bucket.raw_data"
          ]
        }
      ]
    },
    {
      "mode": "managed",
      "type": "snowflake_account_role",
      "name": "transformer",
      "provider": "provider[\"registry.terraform.io/snowflake-labs/snowflake\"]",
      "instances": [
        {
          "schema_version": 0,
          "attributes": {
            "comment": "Role for dbt + PySpark pipeline",
            "fully_qualified_name": "\"TRANSFORMER\"",
            "id": "TRANSFORMER",
            "name": "TRANSFORMER",
            "show_output": [
              {
                "assigned_to_users": 1,
                "comment": "Role for dbt + PySpark pipeline",
                "created_on": "2026-06-13 05:12:43.363 -0700 PDT",
                "granted_roles": 0,
                "granted_to_roles": 0,
                "is_current": false,
                "is_default": false,
                "is_inherited": false,
                "name": "TRANSFORMER",
                "owner": "ACCOUNTADMIN"
              }
            ]
          },
          "sensitive_attributes": [],
          "private": "bnVsbA=="
        }
      ]
    },
    {
      "mode": "managed",
      "type": "snowflake_database",
      "name": "smard_dev",
      "provider": "provider[\"registry.terraform.io/snowflake-labs/snowflake\"]",
      "instances": [
        {
          "schema_version": 1,
          "attributes": {
            "catalog": "",
            "comment": "Development database",
            "data_retention_time_in_days": 1,
            "default_ddl_collation": "",
            "drop_public_schema_on_creation": null,
            "enable_console_output": false,
            "external_volume": "",
            "fully_qualified_name": "\"SMARD_DEV\"",
            "id": "SMARD_DEV",
            "is_transient": false,
            "log_level": "OFF",
            "max_data_extension_time_in_days": 14,
            "name": "SMARD_DEV",
            "quoted_identifiers_ignore_case": false,
            "replace_invalid_characters": false,
            "replication": [],
            "storage_serialization_policy": "OPTIMIZED",
            "suspend_task_after_num_failures": 10,
            "task_auto_retry_attempts": 0,
            "trace_level": "OFF",
            "user_task_managed_initial_warehouse_size": "Medium",
            "user_task_minimum_trigger_interval_in_seconds": 30,
            "user_task_timeout_ms": 3600000
          },
          "sensitive_attributes": [],
          "private": "eyJzY2hlbWFfdmVyc2lvbiI6IjEifQ=="
        }
      ]
    },
    {
      "mode": "managed",
      "type": "snowflake_database",
      "name": "smard_prod",
      "provider": "provider[\"registry.terraform.io/snowflake-labs/snowflake\"]",
      "instances": [
        {
          "schema_version": 1,
          "attributes": {
            "catalog": "",
            "comment": "Production database",
            "data_retention_time_in_days": 1,
            "default_ddl_collation": "",
            "drop_public_schema_on_creation": null,
            "enable_console_output": false,
            "external_volume": "",
            "fully_qualified_name": "\"SMARD_PROD\"",
            "id": "SMARD_PROD",
            "is_transient": false,
            "log_level": "OFF",
            "max_data_extension_time_in_days": 14,
            "name": "SMARD_PROD",
            "quoted_identifiers_ignore_case": false,
            "replace_invalid_characters": false,
            "replication": [],
            "storage_serialization_policy": "OPTIMIZED",
            "suspend_task_after_num_failures": 10,
            "task_auto_retry_attempts": 0,
            "trace_level": "OFF",
            "user_task_managed_initial_warehouse_size": "Medium",
            "user_task_minimum_trigger_interval_in_seconds": 30,
            "user_task_timeout_ms": 3600000
          },
          "sensitive_attributes": [],
          "private": "eyJzY2hlbWFfdmVyc2lvbiI6IjEifQ=="
        }
      ]
    },
    {
      "mode": "managed",
      "type": "snowflake_grant_account_role",
      "name": "transformer_to_user",
      "provider": "provider[\"registry.terraform.io/snowflake-labs/snowflake\"]",
      "instances": [
        {
          "schema_version": 0,
          "attributes": {
            "id": "\"TRANSFORMER\"|USER|\"OJASINDULKAR\"",
            "parent_role_name": null,
            "role_name": "TRANSFORMER",
            "user_name": "OJASINDULKAR"
          },
          "sensitive_attributes": [],
          "private": "bnVsbA==",
          "dependencies": [
            "snowflake_account_role.transformer"
          ]
        }
      ]
    },
    {
      "mode": "managed",
      "type": "snowflake_grant_privileges_to_account_role",
      "name": "transformer_dev_db",
      "provider": "provider[\"registry.terraform.io/snowflake-labs/snowflake\"]",
      "instances": [
        {
          "schema_version": 0,
          "attributes": {
            "account_role_name": "TRANSFORMER",
            "all_privileges": false,
            "always_apply": false,
            "always_apply_trigger": null,
            "id": "\"TRANSFORMER\"|false|false|CREATE SCHEMA,USAGE|OnAccountObject|DATABASE|\"SMARD_DEV\"",
            "on_account": false,
            "on_account_object": [
              {
                "object_name": "SMARD_DEV",
                "object_type": "DATABASE"
              }
            ],
            "on_schema": [],
            "on_schema_object": [],
            "privileges": [
              "CREATE SCHEMA",
              "USAGE"
            ],
            "with_grant_option": false
          },
          "sensitive_attributes": [],
          "private": "bnVsbA==",
          "dependencies": [
            "snowflake_account_role.transformer",
            "snowflake_database.smard_dev"
          ]
        }
      ]
    },
    {
      "mode": "managed",
      "type": "snowflake_grant_privileges_to_account_role",
      "name": "transformer_dev_gold",
      "provider": "provider[\"registry.terraform.io/snowflake-labs/snowflake\"]",
      "instances": [
        {
          "schema_version": 0,
          "attributes": {
            "account_role_name": "TRANSFORMER",
            "all_privileges": true,
            "always_apply": false,
            "always_apply_trigger": null,
            "id": "\"TRANSFORMER\"|false|false|ALL|OnSchema|OnSchema|\"SMARD_DEV\".\"GOLD\"",
            "on_account": false,
            "on_account_object": [],
            "on_schema": [
              {
                "all_schemas_in_database": "",
                "future_schemas_in_database": "",
                "schema_name": "\"SMARD_DEV\".\"GOLD\""
              }
            ],
            "on_schema_object": [],
            "privileges": null,
            "with_grant_option": false
          },
          "sensitive_attributes": [],
          "private": "bnVsbA==",
          "dependencies": [
            "snowflake_account_role.transformer"
          ]
        }
      ]
    },
    {
      "mode": "managed",
      "type": "snowflake_grant_privileges_to_account_role",
      "name": "transformer_dev_silver",
      "provider": "provider[\"registry.terraform.io/snowflake-labs/snowflake\"]",
      "instances": [
        {
          "schema_version": 0,
          "attributes": {
            "account_role_name": "TRANSFORMER",
            "all_privileges": true,
            "always_apply": false,
            "always_apply_trigger": null,
            "id": "\"TRANSFORMER\"|false|false|ALL|OnSchema|OnSchema|\"SMARD_DEV\".\"SILVER\"",
            "on_account": false,
            "on_account_object": [],
            "on_schema": [
              {
                "all_schemas_in_database": "",
                "future_schemas_in_database": "",
                "schema_name": "\"SMARD_DEV\".\"SILVER\""
              }
            ],
            "on_schema_object": [],
            "privileges": null,
            "with_grant_option": false
          },
          "sensitive_attributes": [],
          "private": "bnVsbA==",
          "dependencies": [
            "snowflake_account_role.transformer"
          ]
        }
      ]
    },
    {
      "mode": "managed",
      "type": "snowflake_grant_privileges_to_account_role",
      "name": "transformer_prod_db",
      "provider": "provider[\"registry.terraform.io/snowflake-labs/snowflake\"]",
      "instances": [
        {
          "schema_version": 0,
          "attributes": {
            "account_role_name": "TRANSFORMER",
            "all_privileges": false,
            "always_apply": false,
            "always_apply_trigger": null,
            "id": "\"TRANSFORMER\"|false|false|CREATE SCHEMA,USAGE|OnAccountObject|DATABASE|\"SMARD_PROD\"",
            "on_account": false,
            "on_account_object": [
              {
                "object_name": "SMARD_PROD",
                "object_type": "DATABASE"
              }
            ],
            "on_schema": [],
            "on_schema_object": [],
            "privileges": [
              "CREATE SCHEMA",
              "USAGE"
            ],
            "with_grant_option": false
          },
          "sensitive_attributes": [],
          "private": "bnVsbA==",
          "dependencies": [
            "snowflake_account_role.transformer",
            "snowflake_database.smard_prod"
          ]
        }
      ]
    },
    {
      "mode": "managed",
      "type": "snowflake_grant_privileges_to_account_role",
      "name": "transformer_prod_gold",
      "provider": "provider[\"registry.terraform.io/snowflake-labs/snowflake\"]",
      "instances": [
        {
          "schema_version": 0,
          "attributes": {
            "account_role_name": "TRANSFORMER",
            "all_privileges": true,
            "always_apply": false,
            "always_apply_trigger": null,
            "id": "\"TRANSFORMER\"|false|false|ALL|OnSchema|OnSchema|\"SMARD_PROD\".\"GOLD\"",
            "on_account": false,
            "on_account_object": [],
            "on_schema": [
              {
                "all_schemas_in_database": "",
                "future_schemas_in_database": "",
                "schema_name": "\"SMARD_PROD\".\"GOLD\""
              }
            ],
            "on_schema_object": [],
            "privileges": null,
            "with_grant_option": false
          },
          "sensitive_attributes": [],
          "private": "bnVsbA==",
          "dependencies": [
            "snowflake_account_role.transformer"
          ]
        }
      ]
    },
    {
      "mode": "managed",
      "type": "snowflake_grant_privileges_to_account_role",
      "name": "transformer_prod_silver",
      "provider": "provider[\"registry.terraform.io/snowflake-labs/snowflake\"]",
      "instances": [
        {
          "schema_version": 0,
          "attributes": {
            "account_role_name": "TRANSFORMER",
            "all_privileges": true,
            "always_apply": false,
            "always_apply_trigger": null,
            "id": "\"TRANSFORMER\"|false|false|ALL|OnSchema|OnSchema|\"SMARD_PROD\".\"SILVER\"",
            "on_account": false,
            "on_account_object": [],
            "on_schema": [
              {
                "all_schemas_in_database": "",
                "future_schemas_in_database": "",
                "schema_name": "\"SMARD_PROD\".\"SILVER\""
              }
            ],
            "on_schema_object": [],
            "privileges": null,
            "with_grant_option": false
          },
          "sensitive_attributes": [],
          "private": "bnVsbA==",
          "dependencies": [
            "snowflake_account_role.transformer"
          ]
        }
      ]
    },
    {
      "mode": "managed",
      "type": "snowflake_grant_privileges_to_account_role",
      "name": "transformer_warehouse",
      "provider": "provider[\"registry.terraform.io/snowflake-labs/snowflake\"]",
      "instances": [
        {
          "schema_version": 0,
          "attributes": {
            "account_role_name": "TRANSFORMER",
            "all_privileges": false,
            "always_apply": false,
            "always_apply_trigger": null,
            "id": "\"TRANSFORMER\"|false|false|USAGE|OnAccountObject|WAREHOUSE|\"COMPUTE_WH\"",
            "on_account": false,
            "on_account_object": [
              {
                "object_name": "COMPUTE_WH",
                "object_type": "WAREHOUSE"
              }
            ],
            "on_schema": [],
            "on_schema_object": [],
            "privileges": [
              "USAGE"
            ],
            "with_grant_option": false
          },
          "sensitive_attributes": [],
          "private": "bnVsbA==",
          "dependencies": [
            "snowflake_account_role.transformer",
            "snowflake_warehouse.compute_wh"
          ]
        }
      ]
    },
    {
      "mode": "managed",
      "type": "snowflake_schema",
      "name": "dev_gold",
      "provider": "provider[\"registry.terraform.io/snowflake-labs/snowflake\"]",
      "instances": [
        {
          "schema_version": 2,
          "attributes": {
            "catalog": "",
            "comment": "dbt transformed data",
            "data_retention_time_in_days": 1,
            "database": "SMARD_DEV",
            "default_ddl_collation": "",
            "describe_output": [],
            "enable_console_output": false,
            "external_volume": "",
            "fully_qualified_name": "\"SMARD_DEV\".\"GOLD\"",
            "id": "\"SMARD_DEV\".\"GOLD\"",
            "is_transient": "default",
            "log_level": "OFF",
            "max_data_extension_time_in_days": 14,
            "name": "GOLD",
            "parameters": [
              {
                "catalog": [
                  {
                    "default": "",
                    "description": "Name of the catalog integration to use for iceberg tables",
                    "key": "CATALOG",
                    "level": "",
                    "value": ""
                  }
                ],
                "data_retention_time_in_days": [
                  {
                    "default": "1",
                    "description": "number of days to retain the old version of deleted/updated data",
                    "key": "DATA_RETENTION_TIME_IN_DAYS",
                    "level": "",
                    "value": "1"
                  }
                ],
                "default_ddl_collation": [
                  {
                    "default": "",
                    "description": "Collation that is used for all the new columns created by the DDL statements (if not specified)",
                    "key": "DEFAULT_DDL_COLLATION",
                    "level": "",
                    "value": ""
                  }
                ],
                "enable_console_output": [
                  {
                    "default": "false",
                    "description": "Enable stdout/stderr fast path logging for anonyous stored procs. This is a public parameter (similar to LOG_LEVEL).",
                    "key": "ENABLE_CONSOLE_OUTPUT",
                    "level": "",
                    "value": "false"
                  }
                ],
                "external_volume": [
                  {
                    "default": "",
                    "description": "Name of an external volume that will be used for persisted Iceberg metadata and data files.",
                    "key": "EXTERNAL_VOLUME",
                    "level": "",
                    "value": ""
                  }
                ],
                "log_level": [
                  {
                    "default": "OFF",
                    "description": "LOG_LEVEL to use when filtering events",
                    "key": "LOG_LEVEL",
                    "level": "",
                    "value": "OFF"
                  }
                ],
                "max_data_extension_time_in_days": [
                  {
                    "default": "14",
                    "description": "Maximum number of days to extend data retention beyond the retention period to prevent a stream becoming stale.",
                    "key": "MAX_DATA_EXTENSION_TIME_IN_DAYS",
                    "level": "",
                    "value": "14"
                  }
                ],
                "pipe_execution_paused": [
                  {
                    "default": "false",
                    "description": "Pause processing of files for a pipe",
                    "key": "PIPE_EXECUTION_PAUSED",
                    "level": "",
                    "value": "false"
                  }
                ],
                "quoted_identifiers_ignore_case": [
                  {
                    "default": "false",
                    "description": "If true, the case of quoted identifiers is ignored",
                    "key": "QUOTED_IDENTIFIERS_IGNORE_CASE",
                    "level": "",
                    "value": "false"
                  }
                ],
                "replace_invalid_characters": [
                  {
                    "default": "false",
                    "description": "Replace invalid UTF-8 characters found in Iceberg table external data files with the Unicode replacement character",
                    "key": "REPLACE_INVALID_CHARACTERS",
                    "level": "",
                    "value": "false"
                  }
                ],
                "storage_serialization_policy": [
                  {
                    "default": "OPTIMIZED",
                    "description": "Storage serialization policy used for managed Iceberg table. This include encodings and compressions",
                    "key": "STORAGE_SERIALIZATION_POLICY",
                    "level": "",
                    "value": "OPTIMIZED"
                  }
                ],
                "suspend_task_after_num_failures": [
                  {
                    "default": "10",
                    "description": "How many times a task must fail in a row before it is automatically suspended. 0 disables auto-suspending.",
                    "key": "SUSPEND_TASK_AFTER_NUM_FAILURES",
                    "level": "",
                    "value": "10"
                  }
                ],
                "task_auto_retry_attempts": [
                  {
                    "default": "0",
                    "description": "Maximum Automatic Retries Allowed For A User Task",
                    "key": "TASK_AUTO_RETRY_ATTEMPTS",
                    "level": "",
                    "value": "0"
                  }
                ],
                "trace_level": [
                  {
                    "default": "OFF",
                    "description": "Trace level value to use when generating/filtering trace events",
                    "key": "TRACE_LEVEL",
                    "level": "",
                    "value": "OFF"
                  }
                ],
                "user_task_managed_initial_warehouse_size": [
                  {
                    "default": "Medium",
                    "description": "The initial size of warehouse to use for managed warehouses in the absence of history",
                    "key": "USER_TASK_MANAGED_INITIAL_WAREHOUSE_SIZE",
                    "level": "",
                    "value": "Medium"
                  }
                ],
                "user_task_minimum_trigger_interval_in_seconds": [
                  {
                    "default": "30",
                    "description": "Minimum amount of time between Triggered Task executions in seconds",
                    "key": "USER_TASK_MINIMUM_TRIGGER_INTERVAL_IN_SECONDS",
                    "level": "",
                    "value": "30"
                  }
                ],
                "user_task_timeout_ms": [
                  {
                    "default": "3600000",
                    "description": "User task execution timeout in milliseconds",
                    "key": "USER_TASK_TIMEOUT_MS",
                    "level": "",
                    "value": "3600000"
                  }
                ]
              }
            ],
            "pipe_execution_paused": false,
            "quoted_identifiers_ignore_case": false,
            "replace_invalid_characters": false,
            "show_output": [
              {
                "comment": "dbt transformed data",
                "created_on": "2026-06-13 05:12:43.922 -0700 PDT",
                "database_name": "SMARD_DEV",
                "dropped_on": "0001-01-01 00:00:00 +0000 UTC",
                "is_current": false,
                "is_default": false,
                "name": "GOLD",
                "options": "",
                "owner": "ACCOUNTADMIN",
                "owner_role_type": "ROLE",
                "retention_time": "1"
              }
            ],
            "storage_serialization_policy": "OPTIMIZED",
            "suspend_task_after_num_failures": 10,
            "task_auto_retry_attempts": 0,
            "trace_level": "OFF",
            "user_task_managed_initial_warehouse_size": "Medium",
            "user_task_minimum_trigger_interval_in_seconds": 30,
            "user_task_timeout_ms": 3600000,
            "with_managed_access": "default"
          },
          "sensitive_attributes": [],
          "private": "eyJzY2hlbWFfdmVyc2lvbiI6IjIifQ==",
          "dependencies": [
            "snowflake_database.smard_dev"
          ]
        }
      ]
    },
    {
      "mode": "managed",
      "type": "snowflake_schema",
      "name": "dev_raw",
      "provider": "provider[\"registry.terraform.io/snowflake-labs/snowflake\"]",
      "instances": [
        {
          "schema_version": 2,
          "attributes": {
            "catalog": "",
            "comment": "Raw data from BigQuery Bronze",
            "data_retention_time_in_days": 1,
            "database": "SMARD_DEV",
            "default_ddl_collation": "",
            "describe_output": [],
            "enable_console_output": false,
            "external_volume": "",
            "fully_qualified_name": "\"SMARD_DEV\".\"RAW\"",
            "id": "\"SMARD_DEV\".\"RAW\"",
            "is_transient": "default",
            "log_level": "OFF",
            "max_data_extension_time_in_days": 14,
            "name": "RAW",
            "parameters": [
              {
                "catalog": [
                  {
                    "default": "",
                    "description": "Name of the catalog integration to use for iceberg tables",
                    "key": "CATALOG",
                    "level": "",
                    "value": ""
                  }
                ],
                "data_retention_time_in_days": [
                  {
                    "default": "1",
                    "description": "number of days to retain the old version of deleted/updated data",
                    "key": "DATA_RETENTION_TIME_IN_DAYS",
                    "level": "",
                    "value": "1"
                  }
                ],
                "default_ddl_collation": [
                  {
                    "default": "",
                    "description": "Collation that is used for all the new columns created by the DDL statements (if not specified)",
                    "key": "DEFAULT_DDL_COLLATION",
                    "level": "",
                    "value": ""
                  }
                ],
                "enable_console_output": [
                  {
                    "default": "false",
                    "description": "Enable stdout/stderr fast path logging for anonyous stored procs. This is a public parameter (similar to LOG_LEVEL).",
                    "key": "ENABLE_CONSOLE_OUTPUT",
                    "level": "",
                    "value": "false"
                  }
                ],
                "external_volume": [
                  {
                    "default": "",
                    "description": "Name of an external volume that will be used for persisted Iceberg metadata and data files.",
                    "key": "EXTERNAL_VOLUME",
                    "level": "",
                    "value": ""
                  }
                ],
                "log_level": [
                  {
                    "default": "OFF",
                    "description": "LOG_LEVEL to use when filtering events",
                    "key": "LOG_LEVEL",
                    "level": "",
                    "value": "OFF"
                  }
                ],
                "max_data_extension_time_in_days": [
                  {
                    "default": "14",
                    "description": "Maximum number of days to extend data retention beyond the retention period to prevent a stream becoming stale.",
                    "key": "MAX_DATA_EXTENSION_TIME_IN_DAYS",
                    "level": "",
                    "value": "14"
                  }
                ],
                "pipe_execution_paused": [
                  {
                    "default": "false",
                    "description": "Pause processing of files for a pipe",
                    "key": "PIPE_EXECUTION_PAUSED",
                    "level": "",
                    "value": "false"
                  }
                ],
                "quoted_identifiers_ignore_case": [
                  {
                    "default": "false",
                    "description": "If true, the case of quoted identifiers is ignored",
                    "key": "QUOTED_IDENTIFIERS_IGNORE_CASE",
                    "level": "",
                    "value": "false"
                  }
                ],
                "replace_invalid_characters": [
                  {
                    "default": "false",
                    "description": "Replace invalid UTF-8 characters found in Iceberg table external data files with the Unicode replacement character",
                    "key": "REPLACE_INVALID_CHARACTERS",
                    "level": "",
                    "value": "false"
                  }
                ],
                "storage_serialization_policy": [
                  {
                    "default": "OPTIMIZED",
                    "description": "Storage serialization policy used for managed Iceberg table. This include encodings and compressions",
                    "key": "STORAGE_SERIALIZATION_POLICY",
                    "level": "",
                    "value": "OPTIMIZED"
                  }
                ],
                "suspend_task_after_num_failures": [
                  {
                    "default": "10",
                    "description": "How many times a task must fail in a row before it is automatically suspended. 0 disables auto-suspending.",
                    "key": "SUSPEND_TASK_AFTER_NUM_FAILURES",
                    "level": "",
                    "value": "10"
                  }
                ],
                "task_auto_retry_attempts": [
                  {
                    "default": "0",
                    "description": "Maximum Automatic Retries Allowed For A User Task",
                    "key": "TASK_AUTO_RETRY_ATTEMPTS",
                    "level": "",
                    "value": "0"
                  }
                ],
                "trace_level": [
                  {
                    "default": "OFF",
                    "description": "Trace level value to use when generating/filtering trace events",
                    "key": "TRACE_LEVEL",
                    "level": "",
                    "value": "OFF"
                  }
                ],
                "user_task_managed_initial_warehouse_size": [
                  {
                    "default": "Medium",
                    "description": "The initial size of warehouse to use for managed warehouses in the absence of history",
                    "key": "USER_TASK_MANAGED_INITIAL_WAREHOUSE_SIZE",
                    "level": "",
                    "value": "Medium"
                  }
                ],
                "user_task_minimum_trigger_interval_in_seconds": [
                  {
                    "default": "30",
                    "description": "Minimum amount of time between Triggered Task executions in seconds",
                    "key": "USER_TASK_MINIMUM_TRIGGER_INTERVAL_IN_SECONDS",
                    "level": "",
                    "value": "30"
                  }
                ],
                "user_task_timeout_ms": [
                  {
                    "default": "3600000",
                    "description": "User task execution timeout in milliseconds",
                    "key": "USER_TASK_TIMEOUT_MS",
                    "level": "",
                    "value": "3600000"
                  }
                ]
              }
            ],
            "pipe_execution_paused": false,
            "quoted_identifiers_ignore_case": false,
            "replace_invalid_characters": false,
            "show_output": [
              {
                "comment": "Raw data from BigQuery Bronze",
                "created_on": "2026-06-13 05:12:44.049 -0700 PDT",
                "database_name": "SMARD_DEV",
                "dropped_on": "0001-01-01 00:00:00 +0000 UTC",
                "is_current": false,
                "is_default": false,
                "name": "RAW",
                "options": "",
                "owner": "ACCOUNTADMIN",
                "owner_role_type": "ROLE",
                "retention_time": "1"
              }
            ],
            "storage_serialization_policy": "OPTIMIZED",
            "suspend_task_after_num_failures": 10,
            "task_auto_retry_attempts": 0,
            "trace_level": "OFF",
            "user_task_managed_initial_warehouse_size": "Medium",
            "user_task_minimum_trigger_interval_in_seconds": 30,
            "user_task_timeout_ms": 3600000,
            "with_managed_access": "default"
          },
          "sensitive_attributes": [],
          "private": "eyJzY2hlbWFfdmVyc2lvbiI6IjIifQ==",
          "dependencies": [
            "snowflake_database.smard_dev"
          ]
        }
      ]
    },
    {
      "mode": "managed",
      "type": "snowflake_schema",
      "name": "dev_silver",
      "provider": "provider[\"registry.terraform.io/snowflake-labs/snowflake\"]",
      "instances": [
        {
          "schema_version": 2,
          "attributes": {
            "catalog": "",
            "comment": "PySpark cleaned data",
            "data_retention_time_in_days": 1,
            "database": "SMARD_DEV",
            "default_ddl_collation": "",
            "describe_output": [],
            "enable_console_output": false,
            "external_volume": "",
            "fully_qualified_name": "\"SMARD_DEV\".\"SILVER\"",
            "id": "\"SMARD_DEV\".\"SILVER\"",
            "is_transient": "default",
            "log_level": "OFF",
            "max_data_extension_time_in_days": 14,
            "name": "SILVER",
            "parameters": [
              {
                "catalog": [
                  {
                    "default": "",
                    "description": "Name of the catalog integration to use for iceberg tables",
                    "key": "CATALOG",
                    "level": "",
                    "value": ""
                  }
                ],
                "data_retention_time_in_days": [
                  {
                    "default": "1",
                    "description": "number of days to retain the old version of deleted/updated data",
                    "key": "DATA_RETENTION_TIME_IN_DAYS",
                    "level": "",
                    "value": "1"
                  }
                ],
                "default_ddl_collation": [
                  {
                    "default": "",
                    "description": "Collation that is used for all the new columns created by the DDL statements (if not specified)",
                    "key": "DEFAULT_DDL_COLLATION",
                    "level": "",
                    "value": ""
                  }
                ],
                "enable_console_output": [
                  {
                    "default": "false",
                    "description": "Enable stdout/stderr fast path logging for anonyous stored procs. This is a public parameter (similar to LOG_LEVEL).",
                    "key": "ENABLE_CONSOLE_OUTPUT",
                    "level": "",
                    "value": "false"
                  }
                ],
                "external_volume": [
                  {
                    "default": "",
                    "description": "Name of an external volume that will be used for persisted Iceberg metadata and data files.",
                    "key": "EXTERNAL_VOLUME",
                    "level": "",
                    "value": ""
                  }
                ],
                "log_level": [
                  {
                    "default": "OFF",
                    "description": "LOG_LEVEL to use when filtering events",
                    "key": "LOG_LEVEL",
                    "level": "",
                    "value": "OFF"
                  }
                ],
                "max_data_extension_time_in_days": [
                  {
                    "default": "14",
                    "description": "Maximum number of days to extend data retention beyond the retention period to prevent a stream becoming stale.",
                    "key": "MAX_DATA_EXTENSION_TIME_IN_DAYS",
                    "level": "",
                    "value": "14"
                  }
                ],
                "pipe_execution_paused": [
                  {
                    "default": "false",
                    "description": "Pause processing of files for a pipe",
                    "key": "PIPE_EXECUTION_PAUSED",
                    "level": "",
                    "value": "false"
                  }
                ],
                "quoted_identifiers_ignore_case": [
                  {
                    "default": "false",
                    "description": "If true, the case of quoted identifiers is ignored",
                    "key": "QUOTED_IDENTIFIERS_IGNORE_CASE",
                    "level": "",
                    "value": "false"
                  }
                ],
                "replace_invalid_characters": [
                  {
                    "default": "false",
                    "description": "Replace invalid UTF-8 characters found in Iceberg table external data files with the Unicode replacement character",
                    "key": "REPLACE_INVALID_CHARACTERS",
                    "level": "",
                    "value": "false"
                  }
                ],
                "storage_serialization_policy": [
                  {
                    "default": "OPTIMIZED",
                    "description": "Storage serialization policy used for managed Iceberg table. This include encodings and compressions",
                    "key": "STORAGE_SERIALIZATION_POLICY",
                    "level": "",
                    "value": "OPTIMIZED"
                  }
                ],
                "suspend_task_after_num_failures": [
                  {
                    "default": "10",
                    "description": "How many times a task must fail in a row before it is automatically suspended. 0 disables auto-suspending.",
                    "key": "SUSPEND_TASK_AFTER_NUM_FAILURES",
                    "level": "",
                    "value": "10"
                  }
                ],
                "task_auto_retry_attempts": [
                  {
                    "default": "0",
                    "description": "Maximum Automatic Retries Allowed For A User Task",
                    "key": "TASK_AUTO_RETRY_ATTEMPTS",
                    "level": "",
                    "value": "0"
                  }
                ],
                "trace_level": [
                  {
                    "default": "OFF",
                    "description": "Trace level value to use when generating/filtering trace events",
                    "key": "TRACE_LEVEL",
                    "level": "",
                    "value": "OFF"
                  }
                ],
                "user_task_managed_initial_warehouse_size": [
                  {
                    "default": "Medium",
                    "description": "The initial size of warehouse to use for managed warehouses in the absence of history",
                    "key": "USER_TASK_MANAGED_INITIAL_WAREHOUSE_SIZE",
                    "level": "",
                    "value": "Medium"
                  }
                ],
                "user_task_minimum_trigger_interval_in_seconds": [
                  {
                    "default": "30",
                    "description": "Minimum amount of time between Triggered Task executions in seconds",
                    "key": "USER_TASK_MINIMUM_TRIGGER_INTERVAL_IN_SECONDS",
                    "level": "",
                    "value": "30"
                  }
                ],
                "user_task_timeout_ms": [
                  {
                    "default": "3600000",
                    "description": "User task execution timeout in milliseconds",
                    "key": "USER_TASK_TIMEOUT_MS",
                    "level": "",
                    "value": "3600000"
                  }
                ]
              }
            ],
            "pipe_execution_paused": false,
            "quoted_identifiers_ignore_case": false,
            "replace_invalid_characters": false,
            "show_output": [
              {
                "comment": "PySpark cleaned data",
                "created_on": "2026-06-13 05:12:43.922 -0700 PDT",
                "database_name": "SMARD_DEV",
                "dropped_on": "0001-01-01 00:00:00 +0000 UTC",
                "is_current": false,
                "is_default": false,
                "name": "SILVER",
                "options": "",
                "owner": "ACCOUNTADMIN",
                "owner_role_type": "ROLE",
                "retention_time": "1"
              }
            ],
            "storage_serialization_policy": "OPTIMIZED",
            "suspend_task_after_num_failures": 10,
            "task_auto_retry_attempts": 0,
            "trace_level": "OFF",
            "user_task_managed_initial_warehouse_size": "Medium",
            "user_task_minimum_trigger_interval_in_seconds": 30,
            "user_task_timeout_ms": 3600000,
            "with_managed_access": "default"
          },
          "sensitive_attributes": [],
          "private": "eyJzY2hlbWFfdmVyc2lvbiI6IjIifQ==",
          "dependencies": [
            "snowflake_database.smard_dev"
          ]
        }
      ]
    },
    {
      "mode": "managed",
      "type": "snowflake_schema",
      "name": "prod_gold",
      "provider": "provider[\"registry.terraform.io/snowflake-labs/snowflake\"]",
      "instances": [
        {
          "schema_version": 2,
          "attributes": {
            "catalog": "",
            "comment": "dbt transformed data",
            "data_retention_time_in_days": 1,
            "database": "SMARD_PROD",
            "default_ddl_collation": "",
            "describe_output": [],
            "enable_console_output": false,
            "external_volume": "",
            "fully_qualified_name": "\"SMARD_PROD\".\"GOLD\"",
            "id": "\"SMARD_PROD\".\"GOLD\"",
            "is_transient": "default",
            "log_level": "OFF",
            "max_data_extension_time_in_days": 14,
            "name": "GOLD",
            "parameters": [
              {
                "catalog": [
                  {
                    "default": "",
                    "description": "Name of the catalog integration to use for iceberg tables",
                    "key": "CATALOG",
                    "level": "",
                    "value": ""
                  }
                ],
                "data_retention_time_in_days": [
                  {
                    "default": "1",
                    "description": "number of days to retain the old version of deleted/updated data",
                    "key": "DATA_RETENTION_TIME_IN_DAYS",
                    "level": "",
                    "value": "1"
                  }
                ],
                "default_ddl_collation": [
                  {
                    "default": "",
                    "description": "Collation that is used for all the new columns created by the DDL statements (if not specified)",
                    "key": "DEFAULT_DDL_COLLATION",
                    "level": "",
                    "value": ""
                  }
                ],
                "enable_console_output": [
                  {
                    "default": "false",
                    "description": "Enable stdout/stderr fast path logging for anonyous stored procs. This is a public parameter (similar to LOG_LEVEL).",
                    "key": "ENABLE_CONSOLE_OUTPUT",
                    "level": "",
                    "value": "false"
                  }
                ],
                "external_volume": [
                  {
                    "default": "",
                    "description": "Name of an external volume that will be used for persisted Iceberg metadata and data files.",
                    "key": "EXTERNAL_VOLUME",
                    "level": "",
                    "value": ""
                  }
                ],
                "log_level": [
                  {
                    "default": "OFF",
                    "description": "LOG_LEVEL to use when filtering events",
                    "key": "LOG_LEVEL",
                    "level": "",
                    "value": "OFF"
                  }
                ],
                "max_data_extension_time_in_days": [
                  {
                    "default": "14",
                    "description": "Maximum number of days to extend data retention beyond the retention period to prevent a stream becoming stale.",
                    "key": "MAX_DATA_EXTENSION_TIME_IN_DAYS",
                    "level": "",
                    "value": "14"
                  }
                ],
                "pipe_execution_paused": [
                  {
                    "default": "false",
                    "description": "Pause processing of files for a pipe",
                    "key": "PIPE_EXECUTION_PAUSED",
                    "level": "",
                    "value": "false"
                  }
                ],
                "quoted_identifiers_ignore_case": [
                  {
                    "default": "false",
                    "description": "If true, the case of quoted identifiers is ignored",
                    "key": "QUOTED_IDENTIFIERS_IGNORE_CASE",
                    "level": "",
                    "value": "false"
                  }
                ],
                "replace_invalid_characters": [
                  {
                    "default": "false",
                    "description": "Replace invalid UTF-8 characters found in Iceberg table external data files with the Unicode replacement character",
                    "key": "REPLACE_INVALID_CHARACTERS",
                    "level": "",
                    "value": "false"
                  }
                ],
                "storage_serialization_policy": [
                  {
                    "default": "OPTIMIZED",
                    "description": "Storage serialization policy used for managed Iceberg table. This include encodings and compressions",
                    "key": "STORAGE_SERIALIZATION_POLICY",
                    "level": "",
                    "value": "OPTIMIZED"
                  }
                ],
                "suspend_task_after_num_failures": [
                  {
                    "default": "10",
                    "description": "How many times a task must fail in a row before it is automatically suspended. 0 disables auto-suspending.",
                    "key": "SUSPEND_TASK_AFTER_NUM_FAILURES",
                    "level": "",
                    "value": "10"
                  }
                ],
                "task_auto_retry_attempts": [
                  {
                    "default": "0",
                    "description": "Maximum Automatic Retries Allowed For A User Task",
                    "key": "TASK_AUTO_RETRY_ATTEMPTS",
                    "level": "",
                    "value": "0"
                  }
                ],
                "trace_level": [
                  {
                    "default": "OFF",
                    "description": "Trace level value to use when generating/filtering trace events",
                    "key": "TRACE_LEVEL",
                    "level": "",
                    "value": "OFF"
                  }
                ],
                "user_task_managed_initial_warehouse_size": [
                  {
                    "default": "Medium",
                    "description": "The initial size of warehouse to use for managed warehouses in the absence of history",
                    "key": "USER_TASK_MANAGED_INITIAL_WAREHOUSE_SIZE",
                    "level": "",
                    "value": "Medium"
                  }
                ],
                "user_task_minimum_trigger_interval_in_seconds": [
                  {
                    "default": "30",
                    "description": "Minimum amount of time between Triggered Task executions in seconds",
                    "key": "USER_TASK_MINIMUM_TRIGGER_INTERVAL_IN_SECONDS",
                    "level": "",
                    "value": "30"
                  }
                ],
                "user_task_timeout_ms": [
                  {
                    "default": "3600000",
                    "description": "User task execution timeout in milliseconds",
                    "key": "USER_TASK_TIMEOUT_MS",
                    "level": "",
                    "value": "3600000"
                  }
                ]
              }
            ],
            "pipe_execution_paused": false,
            "quoted_identifiers_ignore_case": false,
            "replace_invalid_characters": false,
            "show_output": [
              {
                "comment": "dbt transformed data",
                "created_on": "2026-06-13 05:12:44.056 -0700 PDT",
                "database_name": "SMARD_PROD",
                "dropped_on": "0001-01-01 00:00:00 +0000 UTC",
                "is_current": false,
                "is_default": false,
                "name": "GOLD",
                "options": "",
                "owner": "ACCOUNTADMIN",
                "owner_role_type": "ROLE",
                "retention_time": "1"
              }
            ],
            "storage_serialization_policy": "OPTIMIZED",
            "suspend_task_after_num_failures": 10,
            "task_auto_retry_attempts": 0,
            "trace_level": "OFF",
            "user_task_managed_initial_warehouse_size": "Medium",
            "user_task_minimum_trigger_interval_in_seconds": 30,
            "user_task_timeout_ms": 3600000,
            "with_managed_access": "default"
          },
          "sensitive_attributes": [],
          "private": "eyJzY2hlbWFfdmVyc2lvbiI6IjIifQ==",
          "dependencies": [
            "snowflake_database.smard_prod"
          ]
        }
      ]
    },
    {
      "mode": "managed",
      "type": "snowflake_schema",
      "name": "prod_raw",
      "provider": "provider[\"registry.terraform.io/snowflake-labs/snowflake\"]",
      "instances": [
        {
          "schema_version": 2,
          "attributes": {
            "catalog": "",
            "comment": "Raw data from BigQuery Bronze",
            "data_retention_time_in_days": 1,
            "database": "SMARD_PROD",
            "default_ddl_collation": "",
            "describe_output": [],
            "enable_console_output": false,
            "external_volume": "",
            "fully_qualified_name": "\"SMARD_PROD\".\"RAW\"",
            "id": "\"SMARD_PROD\".\"RAW\"",
            "is_transient": "default",
            "log_level": "OFF",
            "max_data_extension_time_in_days": 14,
            "name": "RAW",
            "parameters": [
              {
                "catalog": [
                  {
                    "default": "",
                    "description": "Name of the catalog integration to use for iceberg tables",
                    "key": "CATALOG",
                    "level": "",
                    "value": ""
                  }
                ],
                "data_retention_time_in_days": [
                  {
                    "default": "1",
                    "description": "number of days to retain the old version of deleted/updated data",
                    "key": "DATA_RETENTION_TIME_IN_DAYS",
                    "level": "",
                    "value": "1"
                  }
                ],
                "default_ddl_collation": [
                  {
                    "default": "",
                    "description": "Collation that is used for all the new columns created by the DDL statements (if not specified)",
                    "key": "DEFAULT_DDL_COLLATION",
                    "level": "",
                    "value": ""
                  }
                ],
                "enable_console_output": [
                  {
                    "default": "false",
                    "description": "Enable stdout/stderr fast path logging for anonyous stored procs. This is a public parameter (similar to LOG_LEVEL).",
                    "key": "ENABLE_CONSOLE_OUTPUT",
                    "level": "",
                    "value": "false"
                  }
                ],
                "external_volume": [
                  {
                    "default": "",
                    "description": "Name of an external volume that will be used for persisted Iceberg metadata and data files.",
                    "key": "EXTERNAL_VOLUME",
                    "level": "",
                    "value": ""
                  }
                ],
                "log_level": [
                  {
                    "default": "OFF",
                    "description": "LOG_LEVEL to use when filtering events",
                    "key": "LOG_LEVEL",
                    "level": "",
                    "value": "OFF"
                  }
                ],
                "max_data_extension_time_in_days": [
                  {
                    "default": "14",
                    "description": "Maximum number of days to extend data retention beyond the retention period to prevent a stream becoming stale.",
                    "key": "MAX_DATA_EXTENSION_TIME_IN_DAYS",
                    "level": "",
                    "value": "14"
                  }
                ],
                "pipe_execution_paused": [
                  {
                    "default": "false",
                    "description": "Pause processing of files for a pipe",
                    "key": "PIPE_EXECUTION_PAUSED",
                    "level": "",
                    "value": "false"
                  }
                ],
                "quoted_identifiers_ignore_case": [
                  {
                    "default": "false",
                    "description": "If true, the case of quoted identifiers is ignored",
                    "key": "QUOTED_IDENTIFIERS_IGNORE_CASE",
                    "level": "",
                    "value": "false"
                  }
                ],
                "replace_invalid_characters": [
                  {
                    "default": "false",
                    "description": "Replace invalid UTF-8 characters found in Iceberg table external data files with the Unicode replacement character",
                    "key": "REPLACE_INVALID_CHARACTERS",
                    "level": "",
                    "value": "false"
                  }
                ],
                "storage_serialization_policy": [
                  {
                    "default": "OPTIMIZED",
                    "description": "Storage serialization policy used for managed Iceberg table. This include encodings and compressions",
                    "key": "STORAGE_SERIALIZATION_POLICY",
                    "level": "",
                    "value": "OPTIMIZED"
                  }
                ],
                "suspend_task_after_num_failures": [
                  {
                    "default": "10",
                    "description": "How many times a task must fail in a row before it is automatically suspended. 0 disables auto-suspending.",
                    "key": "SUSPEND_TASK_AFTER_NUM_FAILURES",
                    "level": "",
                    "value": "10"
                  }
                ],
                "task_auto_retry_attempts": [
                  {
                    "default": "0",
                    "description": "Maximum Automatic Retries Allowed For A User Task",
                    "key": "TASK_AUTO_RETRY_ATTEMPTS",
                    "level": "",
                    "value": "0"
                  }
                ],
                "trace_level": [
                  {
                    "default": "OFF",
                    "description": "Trace level value to use when generating/filtering trace events",
                    "key": "TRACE_LEVEL",
                    "level": "",
                    "value": "OFF"
                  }
                ],
                "user_task_managed_initial_warehouse_size": [
                  {
                    "default": "Medium",
                    "description": "The initial size of warehouse to use for managed warehouses in the absence of history",
                    "key": "USER_TASK_MANAGED_INITIAL_WAREHOUSE_SIZE",
                    "level": "",
                    "value": "Medium"
                  }
                ],
                "user_task_minimum_trigger_interval_in_seconds": [
                  {
                    "default": "30",
                    "description": "Minimum amount of time between Triggered Task executions in seconds",
                    "key": "USER_TASK_MINIMUM_TRIGGER_INTERVAL_IN_SECONDS",
                    "level": "",
                    "value": "30"
                  }
                ],
                "user_task_timeout_ms": [
                  {
                    "default": "3600000",
                    "description": "User task execution timeout in milliseconds",
                    "key": "USER_TASK_TIMEOUT_MS",
                    "level": "",
                    "value": "3600000"
                  }
                ]
              }
            ],
            "pipe_execution_paused": false,
            "quoted_identifiers_ignore_case": false,
            "replace_invalid_characters": false,
            "show_output": [
              {
                "comment": "Raw data from BigQuery Bronze",
                "created_on": "2026-06-13 05:12:44.091 -0700 PDT",
                "database_name": "SMARD_PROD",
                "dropped_on": "0001-01-01 00:00:00 +0000 UTC",
                "is_current": false,
                "is_default": false,
                "name": "RAW",
                "options": "",
                "owner": "ACCOUNTADMIN",
                "owner_role_type": "ROLE",
                "retention_time": "1"
              }
            ],
            "storage_serialization_policy": "OPTIMIZED",
            "suspend_task_after_num_failures": 10,
            "task_auto_retry_attempts": 0,
            "trace_level": "OFF",
            "user_task_managed_initial_warehouse_size": "Medium",
            "user_task_minimum_trigger_interval_in_seconds": 30,
            "user_task_timeout_ms": 3600000,
            "with_managed_access": "default"
          },
          "sensitive_attributes": [],
          "private": "eyJzY2hlbWFfdmVyc2lvbiI6IjIifQ==",
          "dependencies": [
            "snowflake_database.smard_prod"
          ]
        }
      ]
    },
    {
      "mode": "managed",
      "type": "snowflake_schema",
      "name": "prod_silver",
      "provider": "provider[\"registry.terraform.io/snowflake-labs/snowflake\"]",
      "instances": [
        {
          "schema_version": 2,
          "attributes": {
            "catalog": "",
            "comment": "PySpark cleaned data",
            "data_retention_time_in_days": 1,
            "database": "SMARD_PROD",
            "default_ddl_collation": "",
            "describe_output": [],
            "enable_console_output": false,
            "external_volume": "",
            "fully_qualified_name": "\"SMARD_PROD\".\"SILVER\"",
            "id": "\"SMARD_PROD\".\"SILVER\"",
            "is_transient": "default",
            "log_level": "OFF",
            "max_data_extension_time_in_days": 14,
            "name": "SILVER",
            "parameters": [
              {
                "catalog": [
                  {
                    "default": "",
                    "description": "Name of the catalog integration to use for iceberg tables",
                    "key": "CATALOG",
                    "level": "",
                    "value": ""
                  }
                ],
                "data_retention_time_in_days": [
                  {
                    "default": "1",
                    "description": "number of days to retain the old version of deleted/updated data",
                    "key": "DATA_RETENTION_TIME_IN_DAYS",
                    "level": "",
                    "value": "1"
                  }
                ],
                "default_ddl_collation": [
                  {
                    "default": "",
                    "description": "Collation that is used for all the new columns created by the DDL statements (if not specified)",
                    "key": "DEFAULT_DDL_COLLATION",
                    "level": "",
                    "value": ""
                  }
                ],
                "enable_console_output": [
                  {
                    "default": "false",
                    "description": "Enable stdout/stderr fast path logging for anonyous stored procs. This is a public parameter (similar to LOG_LEVEL).",
                    "key": "ENABLE_CONSOLE_OUTPUT",
                    "level": "",
                    "value": "false"
                  }
                ],
                "external_volume": [
                  {
                    "default": "",
                    "description": "Name of an external volume that will be used for persisted Iceberg metadata and data files.",
                    "key": "EXTERNAL_VOLUME",
                    "level": "",
                    "value": ""
                  }
                ],
                "log_level": [
                  {
                    "default": "OFF",
                    "description": "LOG_LEVEL to use when filtering events",
                    "key": "LOG_LEVEL",
                    "level": "",
                    "value": "OFF"
                  }
                ],
                "max_data_extension_time_in_days": [
                  {
                    "default": "14",
                    "description": "Maximum number of days to extend data retention beyond the retention period to prevent a stream becoming stale.",
                    "key": "MAX_DATA_EXTENSION_TIME_IN_DAYS",
                    "level": "",
                    "value": "14"
                  }
                ],
                "pipe_execution_paused": [
                  {
                    "default": "false",
                    "description": "Pause processing of files for a pipe",
                    "key": "PIPE_EXECUTION_PAUSED",
                    "level": "",
                    "value": "false"
                  }
                ],
                "quoted_identifiers_ignore_case": [
                  {
                    "default": "false",
                    "description": "If true, the case of quoted identifiers is ignored",
                    "key": "QUOTED_IDENTIFIERS_IGNORE_CASE",
                    "level": "",
                    "value": "false"
                  }
                ],
                "replace_invalid_characters": [
                  {
                    "default": "false",
                    "description": "Replace invalid UTF-8 characters found in Iceberg table external data files with the Unicode replacement character",
                    "key": "REPLACE_INVALID_CHARACTERS",
                    "level": "",
                    "value": "false"
                  }
                ],
                "storage_serialization_policy": [
                  {
                    "default": "OPTIMIZED",
                    "description": "Storage serialization policy used for managed Iceberg table. This include encodings and compressions",
                    "key": "STORAGE_SERIALIZATION_POLICY",
                    "level": "",
                    "value": "OPTIMIZED"
                  }
                ],
                "suspend_task_after_num_failures": [
                  {
                    "default": "10",
                    "description": "How many times a task must fail in a row before it is automatically suspended. 0 disables auto-suspending.",
                    "key": "SUSPEND_TASK_AFTER_NUM_FAILURES",
                    "level": "",
                    "value": "10"
                  }
                ],
                "task_auto_retry_attempts": [
                  {
                    "default": "0",
                    "description": "Maximum Automatic Retries Allowed For A User Task",
                    "key": "TASK_AUTO_RETRY_ATTEMPTS",
                    "level": "",
                    "value": "0"
                  }
                ],
                "trace_level": [
                  {
                    "default": "OFF",
                    "description": "Trace level value to use when generating/filtering trace events",
                    "key": "TRACE_LEVEL",
                    "level": "",
                    "value": "OFF"
                  }
                ],
                "user_task_managed_initial_warehouse_size": [
                  {
                    "default": "Medium",
                    "description": "The initial size of warehouse to use for managed warehouses in the absence of history",
                    "key": "USER_TASK_MANAGED_INITIAL_WAREHOUSE_SIZE",
                    "level": "",
                    "value": "Medium"
                  }
                ],
                "user_task_minimum_trigger_interval_in_seconds": [
                  {
                    "default": "30",
                    "description": "Minimum amount of time between Triggered Task executions in seconds",
                    "key": "USER_TASK_MINIMUM_TRIGGER_INTERVAL_IN_SECONDS",
                    "level": "",
                    "value": "30"
                  }
                ],
                "user_task_timeout_ms": [
                  {
                    "default": "3600000",
                    "description": "User task execution timeout in milliseconds",
                    "key": "USER_TASK_TIMEOUT_MS",
                    "level": "",
                    "value": "3600000"
                  }
                ]
              }
            ],
            "pipe_execution_paused": false,
            "quoted_identifiers_ignore_case": false,
            "replace_invalid_characters": false,
            "show_output": [
              {
                "comment": "PySpark cleaned data",
                "created_on": "2026-06-13 05:12:44.085 -0700 PDT",
                "database_name": "SMARD_PROD",
                "dropped_on": "0001-01-01 00:00:00 +0000 UTC",
                "is_current": false,
                "is_default": false,
                "name": "SILVER",
                "options": "",
                "owner": "ACCOUNTADMIN",
                "owner_role_type": "ROLE",
                "retention_time": "1"
              }
            ],
            "storage_serialization_policy": "OPTIMIZED",
            "suspend_task_after_num_failures": 10,
            "task_auto_retry_attempts": 0,
            "trace_level": "OFF",
            "user_task_managed_initial_warehouse_size": "Medium",
            "user_task_minimum_trigger_interval_in_seconds": 30,
            "user_task_timeout_ms": 3600000,
            "with_managed_access": "default"
          },
          "sensitive_attributes": [],
          "private": "eyJzY2hlbWFfdmVyc2lvbiI6IjIifQ==",
          "dependencies": [
            "snowflake_database.smard_prod"
          ]
        }
      ]
    },
    {
      "mode": "managed",
      "type": "snowflake_warehouse",
      "name": "compute_wh",
      "provider": "provider[\"registry.terraform.io/snowflake-labs/snowflake\"]",
      "instances": [
        {
          "schema_version": 1,
          "attributes": {
            "auto_resume": "true",
            "auto_suspend": 60,
            "comment": "SMARD pipeline compute warehouse",
            "enable_query_acceleration": "default",
            "fully_qualified_name": "\"COMPUTE_WH\"",
            "id": "COMPUTE_WH",
            "initially_suspended": null,
            "max_cluster_count": 0,
            "max_concurrency_level": 8,
            "min_cluster_count": 0,
            "name": "COMPUTE_WH",
            "parameters": [
              {
                "max_concurrency_level": [
                  {
                    "default": "8",
                    "description": "Maximum number of SQL statements a warehouse cluster can execute concurrently before queuing them. Small SQL statements count as a fraction of 1.",
                    "key": "MAX_CONCURRENCY_LEVEL",
                    "level": "",
                    "value": "8"
                  }
                ],
                "statement_queued_timeout_in_seconds": [
                  {
                    "default": "0",
                    "description": "Timeout in seconds for queued statements: statements will automatically be canceled if they are queued on a warehouse for longer than this amount of time; disabled if set to zero.",
                    "key": "STATEMENT_QUEUED_TIMEOUT_IN_SECONDS",
                    "level": "",
                    "value": "0"
                  }
                ],
                "statement_timeout_in_seconds": [
                  {
                    "default": "172800",
                    "description": "Timeout in seconds for statements: statements are automatically canceled if they run for longer; if set to zero, max value (604800) is enforced.",
                    "key": "STATEMENT_TIMEOUT_IN_SECONDS",
                    "level": "",
                    "value": "172800"
                  }
                ]
              }
            ],
            "query_acceleration_max_scale_factor": -1,
            "resource_monitor": "",
            "scaling_policy": "",
            "show_output": [
              {
                "auto_resume": true,
                "auto_suspend": 60,
                "available": 0,
                "comment": "SMARD pipeline compute warehouse",
                "created_on": "2026-06-13 04:27:32.717 -0700 PDT",
                "enable_query_acceleration": false,
                "is_current": true,
                "is_default": true,
                "max_cluster_count": 0,
                "min_cluster_count": 0,
                "name": "COMPUTE_WH",
                "other": 0,
                "owner": "ACCOUNTADMIN",
                "owner_role_type": "ROLE",
                "provisioning": 0,
                "query_acceleration_max_scale_factor": 0,
                "queued": 0,
                "quiescing": 0,
                "resource_monitor": "",
                "resumed_on": "2026-06-13 05:08:40.83 -0700 PDT",
                "running": 2,
                "scaling_policy": "",
                "size": "XSMALL",
                "started_clusters": 0,
                "state": "SUSPENDED",
                "type": "STANDARD",
                "updated_on": "2026-06-13 05:15:12.941 -0700 PDT"
              }
            ],
            "statement_queued_timeout_in_seconds": 0,
            "statement_timeout_in_seconds": 172800,
            "warehouse_size": "XSMALL",
            "warehouse_type": ""
          },
          "sensitive_attributes": [],
          "private": "eyJzY2hlbWFfdmVyc2lvbiI6IjEifQ=="
        }
      ]
    }
  ],
  "check_results": null
}
